{
  "version": 4,
  "terraform_version": "1.15.3",
  "serial": 186,
  "lineage": "a5aa6373-b04d-6e75-fc26-0661dda013cd",
  "outputs": {
    "bastion_eip": {
      "value": "3.36.236.149",
      "type": "string"
    },
    "private_subnet_ids": {
      "value": [
        "subnet-05accc3df32d5a9fb",
        "subnet-0d394bbbfa8d993fc",
        "subnet-03c1c9a09536c4854",
        "subnet-0d92b35e4e98e1419",
        "subnet-0b0c785075794b744",
        "subnet-04901e249ca8f7f36"
      ],
      "type": [
        "tuple",
        [
          "string",
          "string",
          "string",
          "string",
          "string",
          "string"
        ]
      ]
    },
    "public_subnet_ids": {
      "value": [
        "subnet-066b383fe9da133e1",
        "subnet-0e81ed5b0fbb03780"
      ],
      "type": [
        "tuple",
        [
          "string",
          "string"
        ]
      ]
    },
    "vpc_id": {
      "value": "vpc-0bbfcfe814551db58",
      "type": "string"
    }
  },
  "resources": [
    {
      "mode": "data",
      "type": "aws_ami",
      "name": "al2023",
      "provider": "provider[\"registry.terraform.io/hashicorp/aws\"]",
      "instances": [
        {
          "schema_version": 0,
          "attributes": {
            "allow_unsafe_filter": null,
            "architecture": "x86_64",
            "arn": "arn:aws:ec2:ap-northeast-2::image/ami-0336244c75907197e",
            "block_device_mappings": [
              {
                "device_name": "/dev/xvda",
                "ebs": {
                  "delete_on_termination": "true",
                  "encrypted": "false",
                  "iops": "3000",
                  "snapshot_id": "snap-015b4d230ec65fa15",
                  "throughput": "125",
                  "volume_initialization_rate": "0",
                  "volume_size": "2",
                  "volume_type": "gp3"
                },
                "no_device": "",
                "virtual_name": ""
              }
            ],
            "boot_mode": "uefi-preferred",
            "creation_date": "2026-05-21T18:48:51.000Z",
            "deprecation_time": "2026-08-19T18:54:00.000Z",
            "description": "Amazon Linux 2023 AMI 2023.11.20260526.0 x86_64 Minimal HVM kernel-6.18",
            "ena_support": true,
            "executable_users": null,
            "filter": [
              {
                "name": "architecture",
                "values": [
                  "x86_64"
                ]
              },
              {
                "name": "name",
                "values": [
                  "al2023-ami-*-x86_64"
                ]
              },
              {
                "name": "root-device-type",
                "values": [
                  "ebs"
                ]
              },
              {
                "name": "state",
                "values": [
                  "available"
                ]
              },
              {
                "name": "virtualization-type",
                "values": [
                  "hvm"
                ]
              }
            ],
            "hypervisor": "xen",
            "id": "ami-0336244c75907197e",
            "image_id": "ami-0336244c75907197e",
            "image_location": "amazon/al2023-ami-minimal-2023.11.20260526.0-kernel-6.18-x86_64",
            "image_owner_alias": "amazon",
            "image_type": "machine",
            "imds_support": "v2.0",
            "include_deprecated": false,
            "kernel_id": "",
            "last_launched_time": "",
            "most_recent": true,
            "name": "al2023-ami-minimal-2023.11.20260526.0-kernel-6.18-x86_64",
            "name_regex": null,
            "owner_id": "137112412989",
            "owners": [
              "137112412989"
            ],
            "platform": "",
            "platform_details": "Linux/UNIX",
            "product_codes": [],
            "public": true,
            "ramdisk_id": "",
            "region": "ap-northeast-2",
            "root_device_name": "/dev/xvda",
            "root_device_type": "ebs",
            "root_snapshot_id": "snap-015b4d230ec65fa15",
            "sriov_net_support": "simple",
            "state": "available",
            "state_reason": {
              "code": "UNSET",
              "message": "UNSET"
            },
            "tags": {},
            "timeouts": null,
            "tpm_support": "",
            "uefi_data": null,
            "usage_operation": "RunInstances",
            "virtualization_type": "hvm"
          },
          "sensitive_attributes": [],
          "identity_schema_version": 0
        }
      ]
    },
    {
      "mode": "managed",
      "type": "aws_db_instance",
      "name": "mysql",
      "provider": "provider[\"registry.terraform.io/hashicorp/aws\"]",
      "instances": [
        {
          "schema_version": 2,
          "attributes": {
            "address": "mysql8.cpwu2uc4wa61.ap-northeast-2.rds.amazonaws.com",
            "allocated_storage": 20,
            "allow_major_version_upgrade": null,
            "apply_immediately": true,
            "arn": "arn:aws:rds:ap-northeast-2:459499397931:db:mysql8",
            "auto_minor_version_upgrade": true,
            "availability_zone": "ap-northeast-2c",
            "backup_retention_period": 0,
            "backup_target": "region",
            "backup_window": "13:24-13:54",
            "blue_green_update": [],
            "ca_cert_identifier": "rds-ca-rsa2048-g1",
            "character_set_name": "",
            "copy_tags_to_snapshot": false,
            "custom_iam_instance_profile": "",
            "customer_owned_ip_enabled": false,
            "database_insights_mode": "standard",
            "db_name": "history",
            "db_subnet_group_name": "historynet-rds-subnet-group",
            "dedicated_log_volume": false,
            "delete_automated_backups": true,
            "deletion_protection": false,
            "domain": "",
            "domain_auth_secret_arn": "",
            "domain_dns_ips": null,
            "domain_fqdn": "",
            "domain_iam_role_name": "",
            "domain_ou": "",
            "enabled_cloudwatch_logs_exports": null,
            "endpoint": "mysql8.cpwu2uc4wa61.ap-northeast-2.rds.amazonaws.com:3306",
            "engine": "mysql",
            "engine_lifecycle_support": "open-source-rds-extended-support",
            "engine_version": "8.0.43",
            "engine_version_actual": "8.0.43",
            "final_snapshot_identifier": null,
            "hosted_zone_id": "ZLA2NUCOLGUUR",
            "iam_database_authentication_enabled": false,
            "id": "db-L46SKKQBU3OFXBNLPBEJEPVCAE",
            "identifier": "mysql8",
            "identifier_prefix": "",
            "instance_class": "db.t3.micro",
            "iops": 3000,
            "kms_key_id": "",
            "latest_restorable_time": "",
            "license_model": "general-public-license",
            "listener_endpoint": [],
            "maintenance_window": "wed:18:35-wed:19:05",
            "manage_master_user_password": null,
            "master_user_secret": [],
            "master_user_secret_kms_key_id": null,
            "max_allocated_storage": 0,
            "monitoring_interval": 0,
            "monitoring_role_arn": "",
            "multi_az": false,
            "nchar_character_set_name": "",
            "network_type": "IPV4",
            "option_group_name": "default:mysql-8-0",
            "parameter_group_name": "default.mysql8.0",
            "password": "History2026!",
            "password_wo": null,
            "password_wo_version": null,
            "performance_insights_enabled": false,
            "performance_insights_kms_key_id": "",
            "performance_insights_retention_period": 0,
            "port": 3306,
            "publicly_accessible": false,
            "region": "ap-northeast-2",
            "replica_mode": "",
            "replicas": [],
            "replicate_source_db": "",
            "resource_id": "db-L46SKKQBU3OFXBNLPBEJEPVCAE",
            "restore_to_point_in_time": [],
            "s3_import": [],
            "skip_final_snapshot": true,
            "snapshot_identifier": null,
            "status": "available",
            "storage_encrypted": false,
            "storage_throughput": 125,
            "storage_type": "gp3",
            "tags": {
              "Name": "mysql8"
            },
            "tags_all": {
              "Name": "mysql8"
            },
            "timeouts": null,
            "timezone": "",
            "upgrade_rollout_order": "second",
            "upgrade_storage_config": null,
            "username": "admin",
            "vpc_security_group_ids": [
              "sg-085b2c47876b3358b",
              "sg-095369edcfc99c06b"
            ]
          },
          "sensitive_attributes": [
            [
              {
                "type": "get_attr",
                "value": "password"
              }
            ],
            [
              {
                "type": "get_attr",
                "value": "password_wo"
              }
            ]
          ],
          "identity_schema_version": 0,
          "private": "eyJlMmJmYjczMC1lY2FhLTExZTYtOGY4OC0zNDM2M2JjN2M0YzAiOnsiY3JlYXRlIjozMDAwMDAwMDAwMDAwLCJkZWxldGUiOjM2MDAwMDAwMDAwMDAsInVwZGF0ZSI6NDgwMDAwMDAwMDAwMH0sInNjaGVtYV92ZXJzaW9uIjoiMiJ9",
          "dependencies": [
            "aws_db_subnet_group.rds_subnet_group",
            "aws_default_security_group.default",
            "aws_security_group.mysql_sg",
            "aws_subnet.db_a",
            "aws_subnet.db_b",
            "aws_vpc.historynet"
          ]
        }
      ]
    },
    {
      "mode": "managed",
      "type": "aws_db_subnet_group",
      "name": "rds_subnet_group",
      "provider": "provider[\"registry.terraform.io/hashicorp/aws\"]",
      "instances": [
        {
          "schema_version": 0,
          "attributes": {
            "arn": "arn:aws:rds:ap-northeast-2:459499397931:subgrp:historynet-rds-subnet-group",
            "description": "Managed by Terraform",
            "id": "historynet-rds-subnet-group",
            "name": "historynet-rds-subnet-group",
            "name_prefix": "",
            "region": "ap-northeast-2",
            "subnet_ids": [
              "subnet-04901e249ca8f7f36",
              "subnet-0b0c785075794b744"
            ],
            "supported_network_types": [
              "IPV4"
            ],
            "tags": {
              "Name": "sample-rds-subnet-group"
            },
            "tags_all": {
              "Name": "sample-rds-subnet-group"
            },
            "vpc_id": "vpc-0bbfcfe814551db58"
          },
          "sensitive_attributes": [],
          "identity_schema_version": 0,
          "identity": {
            "account_id": "459499397931",
            "name": "historynet-rds-subnet-group",
            "region": "ap-northeast-2"
          },
          "private": "bnVsbA==",
          "dependencies": [
            "aws_subnet.db_a",
            "aws_subnet.db_b",
            "aws_vpc.historynet"
          ]
        }
      ]
    },
    {
      "mode": "managed",
      "type": "aws_default_security_group",
      "name": "default",
      "provider": "provider[\"registry.terraform.io/hashicorp/aws\"]",
      "instances": [
        {
          "schema_version": 1,
          "attributes": {
            "arn": "arn:aws:ec2:ap-northeast-2:459499397931:security-group/sg-085b2c47876b3358b",
            "description": "default VPC security group",
            "egress": [
              {
                "cidr_blocks": [
                  "0.0.0.0/0"
                ],
                "description": "",
                "from_port": 0,
                "ipv6_cidr_blocks": [],
                "prefix_list_ids": [],
                "protocol": "-1",
                "security_groups": [],
                "self": false,
                "to_port": 0
              }
            ],
            "id": "sg-085b2c47876b3358b",
            "ingress": [
              {
                "cidr_blocks": [],
                "description": "",
                "from_port": 0,
                "ipv6_cidr_blocks": [],
                "prefix_list_ids": [],
                "protocol": "-1",
                "security_groups": [],
                "self": true,
                "to_port": 0
              }
            ],
            "name": "default",
            "name_prefix": "",
            "owner_id": "459499397931",
            "region": "ap-northeast-2",
            "revoke_rules_on_delete": false,
            "tags": null,
            "tags_all": {},
            "vpc_id": "vpc-0bbfcfe814551db58"
          },
          "sensitive_attributes": [],
          "identity_schema_version": 0,
          "private": "eyJzY2hlbWFfdmVyc2lvbiI6IjEifQ==",
          "dependencies": [
            "aws_vpc.historynet"
          ]
        }
      ]
    },
    {
      "mode": "managed",
      "type": "aws_eip",
      "name": "bastion_ip",
      "provider": "provider[\"registry.terraform.io/hashicorp/aws\"]",
      "instances": [
        {
          "schema_version": 0,
          "attributes": {
            "address": null,
            "allocation_id": "eipalloc-0d11de784dde3890b",
            "arn": "arn:aws:ec2:ap-northeast-2:459499397931:elastic-ip/eipalloc-0d11de784dde3890b",
            "associate_with_private_ip": null,
            "association_id": "eipassoc-026a3bd596f37148e",
            "carrier_ip": "",
            "customer_owned_ip": "",
            "customer_owned_ipv4_pool": "",
            "domain": "vpc",
            "id": "eipalloc-0d11de784dde3890b",
            "instance": "i-085800bf7145b2879",
            "ipam_pool_id": "",
            "network_border_group": "ap-northeast-2",
            "network_interface": "eni-08e0c08e69790a088",
            "private_dns": "ip-10-0-0-10.ap-northeast-2.compute.internal",
            "private_ip": "10.0.0.10",
            "ptr_record": "",
            "public_dns": "ec2-3-36-236-149.ap-northeast-2.compute.amazonaws.com",
            "public_ip": "3.36.236.149",
            "public_ipv4_pool": "amazon",
            "region": "ap-northeast-2",
            "tags": null,
            "tags_all": {},
            "timeouts": null
          },
          "sensitive_attributes": [],
          "identity_schema_version": 0,
          "identity": {
            "account_id": "459499397931",
            "id": "eipalloc-0d11de784dde3890b",
            "region": "ap-northeast-2"
          },
          "private": "eyJlMmJmYjczMC1lY2FhLTExZTYtOGY4OC0zNDM2M2JjN2M0YzAiOnsiZGVsZXRlIjoxODAwMDAwMDAwMDAsInJlYWQiOjkwMDAwMDAwMDAwMCwidXBkYXRlIjozMDAwMDAwMDAwMDB9fQ==",
          "dependencies": [
            "aws_instance.bastion",
            "aws_key_pair.generated_key",
            "aws_security_group.bastion_sg",
            "aws_subnet.public_a",
            "aws_vpc.historynet",
            "data.aws_ami.al2023",
            "tls_private_key.ssh_key"
          ]
        }
      ]
    },
    {
      "mode": "managed",
      "type": "aws_eip",
      "name": "nat_a",
      "provider": "provider[\"registry.terraform.io/hashicorp/aws\"]",
      "instances": [
        {
          "schema_version": 0,
          "attributes": {
            "address": null,
            "allocation_id": "eipalloc-0f620183e9d9d992e",
            "arn": "arn:aws:ec2:ap-northeast-2:459499397931:elastic-ip/eipalloc-0f620183e9d9d992e",
            "associate_with_private_ip": null,
            "association_id": "",
            "carrier_ip": "",
            "customer_owned_ip": "",
            "customer_owned_ipv4_pool": "",
            "domain": "vpc",
            "id": "eipalloc-0f620183e9d9d992e",
            "instance": "",
            "ipam_pool_id": "",
            "network_border_group": "ap-northeast-2",
            "network_interface": "",
            "private_dns": "",
            "private_ip": "",
            "ptr_record": "",
            "public_dns": "ec2-3-34-151-119.ap-northeast-2.compute.amazonaws.com",
            "public_ip": "3.34.151.119",
            "public_ipv4_pool": "amazon",
            "region": "ap-northeast-2",
            "tags": {
              "Managed": "terraform",
              "Name": "historynet-nat-eip-a",
              "Project": "historynet"
            },
            "tags_all": {
              "Managed": "terraform",
              "Name": "historynet-nat-eip-a",
              "Project": "historynet"
            },
            "timeouts": null
          },
          "sensitive_attributes": [],
          "identity_schema_version": 0,
          "identity": {
            "account_id": "459499397931",
            "id": "eipalloc-0f620183e9d9d992e",
            "region": "ap-northeast-2"
          },
          "private": "eyJlMmJmYjczMC1lY2FhLTExZTYtOGY4OC0zNDM2M2JjN2M0YzAiOnsiZGVsZXRlIjoxODAwMDAwMDAwMDAsInJlYWQiOjkwMDAwMDAwMDAwMCwidXBkYXRlIjozMDAwMDAwMDAwMDB9fQ=="
        }
      ]
    },
    {
      "mode": "managed",
      "type": "aws_eip",
      "name": "nat_b",
      "provider": "provider[\"registry.terraform.io/hashicorp/aws\"]",
      "instances": [
        {
          "schema_version": 0,
          "attributes": {
            "address": null,
            "allocation_id": "eipalloc-036c4724723e6fcad",
            "arn": "arn:aws:ec2:ap-northeast-2:459499397931:elastic-ip/eipalloc-036c4724723e6fcad",
            "associate_with_private_ip": null,
            "association_id": "",
            "carrier_ip": "",
            "customer_owned_ip": "",
            "customer_owned_ipv4_pool": "",
            "domain": "vpc",
            "id": "eipalloc-036c4724723e6fcad",
            "instance": "",
            "ipam_pool_id": "",
            "network_border_group": "ap-northeast-2",
            "network_interface": "",
            "private_dns": "",
            "private_ip": "",
            "ptr_record": "",
            "public_dns": "ec2-13-209-128-214.ap-northeast-2.compute.amazonaws.com",
            "public_ip": "13.209.128.214",
            "public_ipv4_pool": "amazon",
            "region": "ap-northeast-2",
            "tags": {
              "Managed": "terraform",
              "Name": "historynet-nat-eip-b",
              "Project": "historynet"
            },
            "tags_all": {
              "Managed": "terraform",
              "Name": "historynet-nat-eip-b",
              "Project": "historynet"
            },
            "timeouts": null
          },
          "sensitive_attributes": [],
          "identity_schema_version": 0,
          "identity": {
            "account_id": "459499397931",
            "id": "eipalloc-036c4724723e6fcad",
            "region": "ap-northeast-2"
          },
          "private": "eyJlMmJmYjczMC1lY2FhLTExZTYtOGY4OC0zNDM2M2JjN2M0YzAiOnsiZGVsZXRlIjoxODAwMDAwMDAwMDAsInJlYWQiOjkwMDAwMDAwMDAwMCwidXBkYXRlIjozMDAwMDAwMDAwMDB9fQ=="
        }
      ]
    },
    {
      "mode": "managed",
      "type": "aws_instance",
      "name": "bastion",
      "provider": "provider[\"registry.terraform.io/hashicorp/aws\"]",
      "instances": [
        {
          "schema_version": 2,
          "attributes": {
            "ami": "ami-0336244c75907197e",
            "arn": "arn:aws:ec2:ap-northeast-2:459499397931:instance/i-085800bf7145b2879",
            "associate_public_ip_address": true,
            "availability_zone": "ap-northeast-2a",
            "capacity_reservation_specification": [
              {
                "capacity_reservation_preference": "open",
                "capacity_reservation_target": []
              }
            ],
            "cpu_options": [
              {
                "amd_sev_snp": "",
                "core_count": 1,
                "nested_virtualization": "",
                "threads_per_core": 2
              }
            ],
            "credit_specification": [
              {
                "cpu_credits": "unlimited"
              }
            ],
            "disable_api_stop": false,
            "disable_api_termination": false,
            "ebs_block_device": [],
            "ebs_optimized": false,
            "enable_primary_ipv6": null,
            "enclave_options": [
              {
                "enabled": false
              }
            ],
            "ephemeral_block_device": [],
            "force_destroy": false,
            "get_password_data": false,
            "hibernation": false,
            "host_id": "",
            "host_resource_group_arn": null,
            "iam_instance_profile": "",
            "id": "i-085800bf7145b2879",
            "instance_initiated_shutdown_behavior": "stop",
            "instance_lifecycle": "",
            "instance_market_options": [],
            "instance_state": "running",
            "instance_type": "t3.micro",
            "ipv6_address_count": 0,
            "ipv6_addresses": [],
            "key_name": "historykey",
            "launch_template": [],
            "maintenance_options": [
              {
                "auto_recovery": "default"
              }
            ],
            "metadata_options": [
              {
                "http_endpoint": "enabled",
                "http_protocol_ipv6": "disabled",
                "http_put_response_hop_limit": 2,
                "http_tokens": "required",
                "instance_metadata_tags": "disabled"
              }
            ],
            "monitoring": false,
            "network_interface": [],
            "outpost_arn": "",
            "password_data": "",
            "placement_group": "",
            "placement_group_id": "",
            "placement_partition_number": 0,
            "primary_network_interface": [
              {
                "delete_on_termination": true,
                "network_interface_id": "eni-08e0c08e69790a088"
              }
            ],
            "primary_network_interface_id": "eni-08e0c08e69790a088",
            "private_dns": "ip-10-0-0-10.ap-northeast-2.compute.internal",
            "private_dns_name_options": [
              {
                "enable_resource_name_dns_a_record": false,
                "enable_resource_name_dns_aaaa_record": false,
                "hostname_type": "ip-name"
              }
            ],
            "private_ip": "10.0.0.10",
            "public_dns": "ec2-43-203-233-226.ap-northeast-2.compute.amazonaws.com",
            "public_ip": "43.203.233.226",
            "region": "ap-northeast-2",
            "root_block_device": [
              {
                "delete_on_termination": true,
                "device_name": "/dev/xvda",
                "encrypted": false,
                "iops": 3000,
                "kms_key_id": "",
                "tags": {},
                "tags_all": {},
                "throughput": 125,
                "volume_id": "vol-058c763dd9065d757",
                "volume_size": 2,
                "volume_type": "gp3"
              }
            ],
            "secondary_network_interface": [],
            "secondary_private_ips": [],
            "security_groups": [],
            "source_dest_check": true,
            "spot_instance_request_id": "",
            "subnet_id": "subnet-066b383fe9da133e1",
            "tags": {
              "Name": "bastion",
              "Role": "bastion"
            },
            "tags_all": {
              "Name": "bastion",
              "Role": "bastion"
            },
            "tenancy": "default",
            "timeouts": null,
            "user_data": "#!/bin/bash\r\nset -e\r\ndnf update -y\r\ndnf install -y https://dev.mysql.com/get/mysql80-community-release-el9-1.noarch.rpm\r\ndnf install -y mysql-community-client --nogpgcheck\r\n",
            "user_data_base64": null,
            "user_data_replace_on_change": false,
            "volume_tags": null,
            "vpc_security_group_ids": [
              "sg-065079d2aaf52c82e"
            ]
          },
          "sensitive_attributes": [],
          "identity_schema_version": 0,
          "identity": {
            "account_id": "459499397931",
            "id": "i-085800bf7145b2879",
            "region": "ap-northeast-2"
          },
          "private": "eyJlMmJmYjczMC1lY2FhLTExZTYtOGY4OC0zNDM2M2JjN2M0YzAiOnsiY3JlYXRlIjo2MDAwMDAwMDAwMDAsImRlbGV0ZSI6MTIwMDAwMDAwMDAwMCwicmVhZCI6OTAwMDAwMDAwMDAwLCJ1cGRhdGUiOjYwMDAwMDAwMDAwMH0sInNjaGVtYV92ZXJzaW9uIjoiMiJ9",
          "dependencies": [
            "aws_key_pair.generated_key",
            "aws_security_group.bastion_sg",
            "aws_subnet.public_a",
            "aws_vpc.historynet",
            "data.aws_ami.al2023",
            "tls_private_key.ssh_key"
          ]
        }
      ]
    },
    {
      "mode": "managed",
      "type": "aws_instance",
      "name": "was_a",
      "provider": "provider[\"registry.terraform.io/hashicorp/aws\"]",
      "instances": [
        {
          "schema_version": 2,
          "attributes": {
            "ami": "ami-0336244c75907197e",
            "arn": "arn:aws:ec2:ap-northeast-2:459499397931:instance/i-05d2b1c26f1c83f6e",
            "associate_public_ip_address": false,
            "availability_zone": "ap-northeast-2a",
            "capacity_reservation_specification": [
              {
                "capacity_reservation_preference": "open",
                "capacity_reservation_target": []
              }
            ],
            "cpu_options": [
              {
                "amd_sev_snp": "",
                "core_count": 1,
                "nested_virtualization": "",
                "threads_per_core": 2
              }
            ],
            "credit_specification": [
              {
                "cpu_credits": "unlimited"
              }
            ],
            "disable_api_stop": false,
            "disable_api_termination": false,
            "ebs_block_device": [],
            "ebs_optimized": false,
            "enable_primary_ipv6": null,
            "enclave_options": [
              {
                "enabled": false
              }
            ],
            "ephemeral_block_device": [],
            "force_destroy": false,
            "get_password_data": false,
            "hibernation": false,
            "host_id": "",
            "host_resource_group_arn": null,
            "iam_instance_profile": "",
            "id": "i-05d2b1c26f1c83f6e",
            "instance_initiated_shutdown_behavior": "stop",
            "instance_lifecycle": "",
            "instance_market_options": [],
            "instance_state": "running",
            "instance_type": "t3.micro",
            "ipv6_address_count": 0,
            "ipv6_addresses": [],
            "key_name": "historykey",
            "launch_template": [],
            "maintenance_options": [
              {
                "auto_recovery": "default"
              }
            ],
            "metadata_options": [
              {
                "http_endpoint": "enabled",
                "http_protocol_ipv6": "disabled",
                "http_put_response_hop_limit": 2,
                "http_tokens": "required",
                "instance_metadata_tags": "disabled"
              }
            ],
            "monitoring": false,
            "network_interface": [],
            "outpost_arn": "",
            "password_data": "",
            "placement_group": "",
            "placement_group_id": "",
            "placement_partition_number": 0,
            "primary_network_interface": [
              {
                "delete_on_termination": true,
                "network_interface_id": "eni-0191f92339f139b1b"
              }
            ],
            "primary_network_interface_id": "eni-0191f92339f139b1b",
            "private_dns": "ip-10-0-20-10.ap-northeast-2.compute.internal",
            "private_dns_name_options": [
              {
                "enable_resource_name_dns_a_record": false,
                "enable_resource_name_dns_aaaa_record": false,
                "hostname_type": "ip-name"
              }
            ],
            "private_ip": "10.0.20.10",
            "public_dns": "",
            "public_ip": "",
            "region": "ap-northeast-2",
            "root_block_device": [
              {
                "delete_on_termination": true,
                "device_name": "/dev/xvda",
                "encrypted": false,
                "iops": 3000,
                "kms_key_id": "",
                "tags": {},
                "tags_all": {},
                "throughput": 125,
                "volume_id": "vol-0c8538f430eae9a4d",
                "volume_size": 2,
                "volume_type": "gp3"
              }
            ],
            "secondary_network_interface": [],
            "secondary_private_ips": [],
            "security_groups": [],
            "source_dest_check": true,
            "spot_instance_request_id": "",
            "subnet_id": "subnet-03c1c9a09536c4854",
            "tags": {
              "Name": "was-a",
              "Role": "was"
            },
            "tags_all": {
              "Name": "was-a",
              "Role": "was"
            },
            "tenancy": "default",
            "timeouts": null,
            "user_data": "#!/bin/bash\r\nset -x\r\n\r\n##############################################\r\n# 기본 패키지 설치\r\n##############################################\r\ndnf install -y python3-pip git\r\n\r\n##############################################\r\n# 개발 및 DB 관련 패키지 설치\r\n##############################################\r\nrpm -Uvh https://dev.mysql.com/get/mysql80-community-release-el9-1.noarch.rpm\r\ndnf install -y mysql-community-devel --nogpgcheck\r\ndnf groupinstall -y \"Development Tools\"\r\ndnf install -y gcc python3-devel openssl-devel zlib zlib-devel\r\ndnf install -y mariadb-connector-c-devel pkgconf-pkg-config\r\ndnf install -y mariadb-connector-c\r\n\r\n##############################################\r\n# Python 패키지 설치 (로그 남김)\r\n##############################################\r\npip3 install --no-cache-dir \\\r\n  Flask \\\r\n  Flask-WTF \\\r\n  Flask-Login \\\r\n  Flask-MySQLdb \\\r\n  mysqlclient \\\r\n  Flask-Session \\\r\n  Werkzeug \\\r\n  redis \\\r\n  \u003e\u003e /var/log/pip-install.log 2\u003e\u00261\r\n\r\n##############################################\r\n# WAS 애플리케이션 배포\r\n##############################################\r\nmkdir -p /home/ec2-user/app\r\ncd /home/ec2-user/app\r\n\r\ngit clone https://github.com/frodo5020/myapp.git\r\nchown -R ec2-user:ec2-user /home/ec2-user/app\r\n\r\n##############################################\r\n# systemd 서비스 등록\r\n##############################################\r\ntee /etc/systemd/system/mywas.service \u003e /dev/null \u003c\u003c 'EOT'\r\n[Unit]\r\nDescription=Flask Web App\r\nAfter=network.target\r\n\r\n[Service]\r\nUser=ec2-user\r\nWorkingDirectory=/home/ec2-user/app/myapp\r\nExecStart=/usr/bin/python3 /home/ec2-user/app/myapp/app.py\r\nRestart=always\r\n\r\n[Install]\r\nWantedBy=multi-user.target\r\nEOT\r\n\r\nsystemctl daemon-reload\r\nsystemctl enable mywas\r\nsystemctl start mywas\r\n\r\n",
            "user_data_base64": null,
            "user_data_replace_on_change": true,
            "volume_tags": null,
            "vpc_security_group_ids": [
              "sg-05c7a69cb4b0e1112",
              "sg-085b2c47876b3358b"
            ]
          },
          "sensitive_attributes": [],
          "identity_schema_version": 0,
          "identity": {
            "account_id": "459499397931",
            "id": "i-05d2b1c26f1c83f6e",
            "region": "ap-northeast-2"
          },
          "private": "eyJlMmJmYjczMC1lY2FhLTExZTYtOGY4OC0zNDM2M2JjN2M0YzAiOnsiY3JlYXRlIjo2MDAwMDAwMDAwMDAsImRlbGV0ZSI6MTIwMDAwMDAwMDAwMCwicmVhZCI6OTAwMDAwMDAwMDAwLCJ1cGRhdGUiOjYwMDAwMDAwMDAwMH0sInNjaGVtYV92ZXJzaW9uIjoiMiJ9",
          "dependencies": [
            "aws_default_security_group.default",
            "aws_security_group.was_sg",
            "aws_subnet.was_a",
            "aws_vpc.historynet",
            "data.aws_ami.al2023"
          ]
        }
      ]
    },
    {
      "mode": "managed",
      "type": "aws_instance",
      "name": "was_b",
      "provider": "provider[\"registry.terraform.io/hashicorp/aws\"]",
      "instances": [
        {
          "schema_version": 2,
          "attributes": {
            "ami": "ami-0336244c75907197e",
            "arn": "arn:aws:ec2:ap-northeast-2:459499397931:instance/i-094d24f2b14f5d9cc",
            "associate_public_ip_address": false,
            "availability_zone": "ap-northeast-2c",
            "capacity_reservation_specification": [
              {
                "capacity_reservation_preference": "open",
                "capacity_reservation_target": []
              }
            ],
            "cpu_options": [
              {
                "amd_sev_snp": "",
                "core_count": 1,
                "nested_virtualization": "",
                "threads_per_core": 2
              }
            ],
            "credit_specification": [
              {
                "cpu_credits": "unlimited"
              }
            ],
            "disable_api_stop": false,
            "disable_api_termination": false,
            "ebs_block_device": [],
            "ebs_optimized": false,
            "enable_primary_ipv6": null,
            "enclave_options": [
              {
                "enabled": false
              }
            ],
            "ephemeral_block_device": [],
            "force_destroy": false,
            "get_password_data": false,
            "hibernation": false,
            "host_id": "",
            "host_resource_group_arn": null,
            "iam_instance_profile": "",
            "id": "i-094d24f2b14f5d9cc",
            "instance_initiated_shutdown_behavior": "stop",
            "instance_lifecycle": "",
            "instance_market_options": [],
            "instance_state": "running",
            "instance_type": "t3.micro",
            "ipv6_address_count": 0,
            "ipv6_addresses": [],
            "key_name": "historykey",
            "launch_template": [],
            "maintenance_options": [
              {
                "auto_recovery": "default"
              }
            ],
            "metadata_options": [
              {
                "http_endpoint": "enabled",
                "http_protocol_ipv6": "disabled",
                "http_put_response_hop_limit": 2,
                "http_tokens": "required",
                "instance_metadata_tags": "disabled"
              }
            ],
            "monitoring": false,
            "network_interface": [],
            "outpost_arn": "",
            "password_data": "",
            "placement_group": "",
            "placement_group_id": "",
            "placement_partition_number": 0,
            "primary_network_interface": [
              {
                "delete_on_termination": true,
                "network_interface_id": "eni-081dca0dd61357948"
              }
            ],
            "primary_network_interface_id": "eni-081dca0dd61357948",
            "private_dns": "ip-10-0-21-10.ap-northeast-2.compute.internal",
            "private_dns_name_options": [
              {
                "enable_resource_name_dns_a_record": false,
                "enable_resource_name_dns_aaaa_record": false,
                "hostname_type": "ip-name"
              }
            ],
            "private_ip": "10.0.21.10",
            "public_dns": "",
            "public_ip": "",
            "region": "ap-northeast-2",
            "root_block_device": [
              {
                "delete_on_termination": true,
                "device_name": "/dev/xvda",
                "encrypted": false,
                "iops": 3000,
                "kms_key_id": "",
                "tags": {},
                "tags_all": {},
                "throughput": 125,
                "volume_id": "vol-06dd4cca0b1e3dc36",
                "volume_size": 2,
                "volume_type": "gp3"
              }
            ],
            "secondary_network_interface": [],
            "secondary_private_ips": [],
            "security_groups": [],
            "source_dest_check": true,
            "spot_instance_request_id": "",
            "subnet_id": "subnet-0d92b35e4e98e1419",
            "tags": {
              "Name": "was-b",
              "Role": "was"
            },
            "tags_all": {
              "Name": "was-b",
              "Role": "was"
            },
            "tenancy": "default",
            "timeouts": null,
            "user_data": "#!/bin/bash\r\nset -x\r\n\r\n##############################################\r\n# 기본 패키지 설치\r\n##############################################\r\ndnf install -y python3-pip git\r\n\r\n##############################################\r\n# 개발 및 DB 관련 패키지 설치\r\n##############################################\r\nrpm -Uvh https://dev.mysql.com/get/mysql80-community-release-el9-1.noarch.rpm\r\ndnf install -y mysql-community-devel --nogpgcheck\r\ndnf groupinstall -y \"Development Tools\"\r\ndnf install -y gcc python3-devel openssl-devel zlib zlib-devel\r\ndnf install -y mariadb-connector-c-devel pkgconf-pkg-config\r\ndnf install -y mariadb-connector-c\r\n\r\n##############################################\r\n# Python 패키지 설치 (로그 남김)\r\n##############################################\r\npip3 install --no-cache-dir \\\r\n  Flask \\\r\n  Flask-WTF \\\r\n  Flask-Login \\\r\n  Flask-MySQLdb \\\r\n  mysqlclient \\\r\n  Flask-Session \\\r\n  Werkzeug \\\r\n  redis \\\r\n  \u003e\u003e /var/log/pip-install.log 2\u003e\u00261\r\n\r\n##############################################\r\n# WAS 애플리케이션 배포\r\n##############################################\r\nmkdir -p /home/ec2-user/app\r\ncd /home/ec2-user/app\r\n\r\ngit clone https://github.com/frodo5020/myapp.git\r\nchown -R ec2-user:ec2-user /home/ec2-user/app\r\n\r\n##############################################\r\n# systemd 서비스 등록\r\n##############################################\r\ntee /etc/systemd/system/mywas.service \u003e /dev/null \u003c\u003c 'EOT'\r\n[Unit]\r\nDescription=Flask Web App\r\nAfter=network.target\r\n\r\n[Service]\r\nUser=ec2-user\r\nWorkingDirectory=/home/ec2-user/app/myapp\r\nExecStart=/usr/bin/python3 /home/ec2-user/app/myapp/app.py\r\nRestart=always\r\n\r\n[Install]\r\nWantedBy=multi-user.target\r\nEOT\r\n\r\nsystemctl daemon-reload\r\nsystemctl enable mywas\r\nsystemctl start mywas\r\n\r\n",
            "user_data_base64": null,
            "user_data_replace_on_change": true,
            "volume_tags": null,
            "vpc_security_group_ids": [
              "sg-05c7a69cb4b0e1112",
              "sg-085b2c47876b3358b"
            ]
          },
          "sensitive_attributes": [],
          "identity_schema_version": 0,
          "identity": {
            "account_id": "459499397931",
            "id": "i-094d24f2b14f5d9cc",
            "region": "ap-northeast-2"
          },
          "private": "eyJlMmJmYjczMC1lY2FhLTExZTYtOGY4OC0zNDM2M2JjN2M0YzAiOnsiY3JlYXRlIjo2MDAwMDAwMDAwMDAsImRlbGV0ZSI6MTIwMDAwMDAwMDAwMCwicmVhZCI6OTAwMDAwMDAwMDAwLCJ1cGRhdGUiOjYwMDAwMDAwMDAwMH0sInNjaGVtYV92ZXJzaW9uIjoiMiJ9",
          "dependencies": [
            "aws_default_security_group.default",
            "aws_security_group.was_sg",
            "aws_subnet.was_b",
            "aws_vpc.historynet",
            "data.aws_ami.al2023"
          ]
        }
      ]
    },
    {
      "mode": "managed",
      "type": "aws_instance",
      "name": "web_a",
      "provider": "provider[\"registry.terraform.io/hashicorp/aws\"]",
      "instances": [
        {
          "schema_version": 2,
          "attributes": {
            "ami": "ami-0336244c75907197e",
            "arn": "arn:aws:ec2:ap-northeast-2:459499397931:instance/i-0332ed31909a1c911",
            "associate_public_ip_address": false,
            "availability_zone": "ap-northeast-2a",
            "capacity_reservation_specification": [
              {
                "capacity_reservation_preference": "open",
                "capacity_reservation_target": []
              }
            ],
            "cpu_options": [
              {
                "amd_sev_snp": "",
                "core_count": 1,
                "nested_virtualization": "",
                "threads_per_core": 2
              }
            ],
            "credit_specification": [
              {
                "cpu_credits": "unlimited"
              }
            ],
            "disable_api_stop": false,
            "disable_api_termination": false,
            "ebs_block_device": [],
            "ebs_optimized": false,
            "enable_primary_ipv6": null,
            "enclave_options": [
              {
                "enabled": false
              }
            ],
            "ephemeral_block_device": [],
            "force_destroy": false,
            "get_password_data": false,
            "hibernation": false,
            "host_id": "",
            "host_resource_group_arn": null,
            "iam_instance_profile": "",
            "id": "i-0332ed31909a1c911",
            "instance_initiated_shutdown_behavior": "stop",
            "instance_lifecycle": "",
            "instance_market_options": [],
            "instance_state": "running",
            "instance_type": "t3.micro",
            "ipv6_address_count": 0,
            "ipv6_addresses": [],
            "key_name": "historykey",
            "launch_template": [],
            "maintenance_options": [
              {
                "auto_recovery": "default"
              }
            ],
            "metadata_options": [
              {
                "http_endpoint": "enabled",
                "http_protocol_ipv6": "disabled",
                "http_put_response_hop_limit": 2,
                "http_tokens": "required",
                "instance_metadata_tags": "disabled"
              }
            ],
            "monitoring": false,
            "network_interface": [],
            "outpost_arn": "",
            "password_data": "",
            "placement_group": "",
            "placement_group_id": "",
            "placement_partition_number": 0,
            "primary_network_interface": [
              {
                "delete_on_termination": true,
                "network_interface_id": "eni-059ff9bdc8e615670"
              }
            ],
            "primary_network_interface_id": "eni-059ff9bdc8e615670",
            "private_dns": "ip-10-0-10-10.ap-northeast-2.compute.internal",
            "private_dns_name_options": [
              {
                "enable_resource_name_dns_a_record": false,
                "enable_resource_name_dns_aaaa_record": false,
                "hostname_type": "ip-name"
              }
            ],
            "private_ip": "10.0.10.10",
            "public_dns": "",
            "public_ip": "",
            "region": "ap-northeast-2",
            "root_block_device": [
              {
                "delete_on_termination": true,
                "device_name": "/dev/xvda",
                "encrypted": false,
                "iops": 3000,
                "kms_key_id": "",
                "tags": {},
                "tags_all": {},
                "throughput": 125,
                "volume_id": "vol-0096d4b9b2cb0f667",
                "volume_size": 2,
                "volume_type": "gp3"
              }
            ],
            "secondary_network_interface": [],
            "secondary_private_ips": [],
            "security_groups": [],
            "source_dest_check": true,
            "spot_instance_request_id": "",
            "subnet_id": "subnet-05accc3df32d5a9fb",
            "tags": {
              "Name": "web-a",
              "Role": "web"
            },
            "tags_all": {
              "Name": "web-a",
              "Role": "web"
            },
            "tenancy": "default",
            "timeouts": null,
            "user_data": "#!/bin/bash\r\nset -xe\r\n\r\n# 패키지 업데이트\r\ndnf update -y\r\n\r\n# NGINX 설치\r\ndnf install -y nginx\r\n\r\n# nginx lb.conf 생성\r\ntee /etc/nginx/conf.d/lb.conf \u003e /dev/null \u003c\u003c 'EOT'\r\nupstream backend_servers {\r\n    server was.cloud.local:5000;\r\n}\r\n\r\nserver {\r\n    listen 80;\r\n\r\n    location / {\r\n        proxy_pass http://backend_servers;\r\n        proxy_set_header Host $host;\r\n        proxy_set_header X-Real-IP $remote_addr;\r\n        proxy_set_header X-Forwarded-For $proxy_add_x_forwarded_for;\r\n    }\r\n}\r\nEOT\r\n\r\n# NGINX 활성화 및 즉시 시작\r\nsystemctl start nginx\r\nsystemctl enable nginx\r\n",
            "user_data_base64": null,
            "user_data_replace_on_change": false,
            "volume_tags": null,
            "vpc_security_group_ids": [
              "sg-085b2c47876b3358b",
              "sg-0f9dbba79d40b70e5"
            ]
          },
          "sensitive_attributes": [],
          "identity_schema_version": 0,
          "identity": {
            "account_id": "459499397931",
            "id": "i-0332ed31909a1c911",
            "region": "ap-northeast-2"
          },
          "private": "eyJlMmJmYjczMC1lY2FhLTExZTYtOGY4OC0zNDM2M2JjN2M0YzAiOnsiY3JlYXRlIjo2MDAwMDAwMDAwMDAsImRlbGV0ZSI6MTIwMDAwMDAwMDAwMCwicmVhZCI6OTAwMDAwMDAwMDAwLCJ1cGRhdGUiOjYwMDAwMDAwMDAwMH0sInNjaGVtYV92ZXJzaW9uIjoiMiJ9",
          "dependencies": [
            "aws_default_security_group.default",
            "aws_lb.was_nlb",
            "aws_security_group.web_sg",
            "aws_subnet.was_a",
            "aws_subnet.was_b",
            "aws_subnet.web_a",
            "aws_vpc.historynet",
            "data.aws_ami.al2023"
          ]
        }
      ]
    },
    {
      "mode": "managed",
      "type": "aws_instance",
      "name": "web_b",
      "provider": "provider[\"registry.terraform.io/hashicorp/aws\"]",
      "instances": [
        {
          "schema_version": 2,
          "attributes": {
            "ami": "ami-0336244c75907197e",
            "arn": "arn:aws:ec2:ap-northeast-2:459499397931:instance/i-09b64b93278e14a23",
            "associate_public_ip_address": false,
            "availability_zone": "ap-northeast-2c",
            "capacity_reservation_specification": [
              {
                "capacity_reservation_preference": "open",
                "capacity_reservation_target": []
              }
            ],
            "cpu_options": [
              {
                "amd_sev_snp": "",
                "core_count": 1,
                "nested_virtualization": "",
                "threads_per_core": 2
              }
            ],
            "credit_specification": [
              {
                "cpu_credits": "unlimited"
              }
            ],
            "disable_api_stop": false,
            "disable_api_termination": false,
            "ebs_block_device": [],
            "ebs_optimized": false,
            "enable_primary_ipv6": null,
            "enclave_options": [
              {
                "enabled": false
              }
            ],
            "ephemeral_block_device": [],
            "force_destroy": false,
            "get_password_data": false,
            "hibernation": false,
            "host_id": "",
            "host_resource_group_arn": null,
            "iam_instance_profile": "",
            "id": "i-09b64b93278e14a23",
            "instance_initiated_shutdown_behavior": "stop",
            "instance_lifecycle": "",
            "instance_market_options": [],
            "instance_state": "running",
            "instance_type": "t3.micro",
            "ipv6_address_count": 0,
            "ipv6_addresses": [],
            "key_name": "historykey",
            "launch_template": [],
            "maintenance_options": [
              {
                "auto_recovery": "default"
              }
            ],
            "metadata_options": [
              {
                "http_endpoint": "enabled",
                "http_protocol_ipv6": "disabled",
                "http_put_response_hop_limit": 2,
                "http_tokens": "required",
                "instance_metadata_tags": "disabled"
              }
            ],
            "monitoring": false,
            "network_interface": [],
            "outpost_arn": "",
            "password_data": "",
            "placement_group": "",
            "placement_group_id": "",
            "placement_partition_number": 0,
            "primary_network_interface": [
              {
                "delete_on_termination": true,
                "network_interface_id": "eni-0f9bc93ba66ecb2ea"
              }
            ],
            "primary_network_interface_id": "eni-0f9bc93ba66ecb2ea",
            "private_dns": "ip-10-0-11-10.ap-northeast-2.compute.internal",
            "private_dns_name_options": [
              {
                "enable_resource_name_dns_a_record": false,
                "enable_resource_name_dns_aaaa_record": false,
                "hostname_type": "ip-name"
              }
            ],
            "private_ip": "10.0.11.10",
            "public_dns": "",
            "public_ip": "",
            "region": "ap-northeast-2",
            "root_block_device": [
              {
                "delete_on_termination": true,
                "device_name": "/dev/xvda",
                "encrypted": false,
                "iops": 3000,
                "kms_key_id": "",
                "tags": {},
                "tags_all": {},
                "throughput": 125,
                "volume_id": "vol-013b7d76efdf74c7b",
                "volume_size": 2,
                "volume_type": "gp3"
              }
            ],
            "secondary_network_interface": [],
            "secondary_private_ips": [],
            "security_groups": [],
            "source_dest_check": true,
            "spot_instance_request_id": "",
            "subnet_id": "subnet-0d394bbbfa8d993fc",
            "tags": {
              "Name": "web-b",
              "Role": "web"
            },
            "tags_all": {
              "Name": "web-b",
              "Role": "web"
            },
            "tenancy": "default",
            "timeouts": null,
            "user_data": "#!/bin/bash\r\nset -xe\r\n\r\n# 패키지 업데이트\r\ndnf update -y\r\n\r\n# NGINX 설치\r\ndnf install -y nginx\r\n\r\n# nginx lb.conf 생성\r\ntee /etc/nginx/conf.d/lb.conf \u003e /dev/null \u003c\u003c 'EOT'\r\nupstream backend_servers {\r\n    server was.cloud.local:5000;\r\n}\r\n\r\nserver {\r\n    listen 80;\r\n\r\n    location / {\r\n        proxy_pass http://backend_servers;\r\n        proxy_set_header Host $host;\r\n        proxy_set_header X-Real-IP $remote_addr;\r\n        proxy_set_header X-Forwarded-For $proxy_add_x_forwarded_for;\r\n    }\r\n}\r\nEOT\r\n\r\n# NGINX 활성화 및 즉시 시작\r\nsystemctl start nginx\r\nsystemctl enable nginx\r\n",
            "user_data_base64": null,
            "user_data_replace_on_change": false,
            "volume_tags": null,
            "vpc_security_group_ids": [
              "sg-085b2c47876b3358b",
              "sg-0f9dbba79d40b70e5"
            ]
          },
          "sensitive_attributes": [],
          "identity_schema_version": 0,
          "identity": {
            "account_id": "459499397931",
            "id": "i-09b64b93278e14a23",
            "region": "ap-northeast-2"
          },
          "private": "eyJlMmJmYjczMC1lY2FhLTExZTYtOGY4OC0zNDM2M2JjN2M0YzAiOnsiY3JlYXRlIjo2MDAwMDAwMDAwMDAsImRlbGV0ZSI6MTIwMDAwMDAwMDAwMCwicmVhZCI6OTAwMDAwMDAwMDAwLCJ1cGRhdGUiOjYwMDAwMDAwMDAwMH0sInNjaGVtYV92ZXJzaW9uIjoiMiJ9",
          "dependencies": [
            "aws_default_security_group.default",
            "aws_lb.was_nlb",
            "aws_security_group.web_sg",
            "aws_subnet.was_a",
            "aws_subnet.was_b",
            "aws_subnet.web_b",
            "aws_vpc.historynet",
            "data.aws_ami.al2023"
          ]
        }
      ]
    },
    {
      "mode": "managed",
      "type": "aws_internet_gateway",
      "name": "this",
      "provider": "provider[\"registry.terraform.io/hashicorp/aws\"]",
      "instances": [
        {
          "schema_version": 0,
          "attributes": {
            "arn": "arn:aws:ec2:ap-northeast-2:459499397931:internet-gateway/igw-07ea5c1bf30023ed3",
            "id": "igw-07ea5c1bf30023ed3",
            "owner_id": "459499397931",
            "region": "ap-northeast-2",
            "tags": {
              "Managed": "terraform",
              "Name": "historynet-igw",
              "Project": "historynet"
            },
            "tags_all": {
              "Managed": "terraform",
              "Name": "historynet-igw",
              "Project": "historynet"
            },
            "timeouts": null,
            "vpc_id": "vpc-0bbfcfe814551db58"
          },
          "sensitive_attributes": [],
          "identity_schema_version": 0,
          "identity": {
            "account_id": "459499397931",
            "id": "igw-07ea5c1bf30023ed3",
            "region": "ap-northeast-2"
          },
          "private": "eyJlMmJmYjczMC1lY2FhLTExZTYtOGY4OC0zNDM2M2JjN2M0YzAiOnsiY3JlYXRlIjoxMjAwMDAwMDAwMDAwLCJkZWxldGUiOjEyMDAwMDAwMDAwMDAsInVwZGF0ZSI6MTIwMDAwMDAwMDAwMH19",
          "dependencies": [
            "aws_vpc.historynet"
          ]
        }
      ]
    },
    {
      "mode": "managed",
      "type": "aws_key_pair",
      "name": "generated_key",
      "provider": "provider[\"registry.terraform.io/hashicorp/aws\"]",
      "instances": [
        {
          "schema_version": 1,
          "attributes": {
            "arn": "arn:aws:ec2:ap-northeast-2:459499397931:key-pair/historykey",
            "fingerprint": "b9:92:bf:cf:43:98:86:08:c1:22:33:9b:1b:ef:1f:7a",
            "id": "historykey",
            "key_name": "historykey",
            "key_name_prefix": "",
            "key_pair_id": "key-0972283aa73622eab",
            "key_type": "rsa",
            "public_key": "ssh-rsa AAAAB3NzaC1yc2EAAAADAQABAAACAQCpPniBiexmHKO+SsbSzha3wt7jrP7vs1daI4SzGIRiidF9U9IGj9qn7Imep0N/wuYmYd6ulrAncDKR/X97C7xbUJ+bz0SR5G5MFx9RcLIoGkfD6FrXaZyyLPFPd57CG9pVN93BlMvzV0cLVt68O2hWkgfaUTx1Sw706onbTpgxn3FHzXc/ZGOzWeSycEp8GuU3u9Apz5xcytCwHsztDB/s/Y1yxWZeXVEG/D3sjK5Xs80G7W96sE89V7SFjYrBi3RpuOxoFAkhSdvfjrL3VW8zUmFNwvdc60wAWFR8enM5Bvc1pG3eIIn+nP5dbzTOGS0s+0zzdYat5aOmltQLpPsAO3eaWvlFTzaCKh5jTGFlha6x3twpIWvvIhRrx4hIClSikMvL/U/ezdrtCO/n2CtFNABS2kNG8VAWlh7anC7kxFFFhVtI7JfVjo4teobNtQkUw+ZRanHSG/zmlrIhyhn9Q2R5mz7kRn07UFB1bxXvUYKcAIgQLOaLWtN8/IBfkoXv1WPLEOXR1ab65C9bYAofvjbRuvAkR/Ka8pHAMuAmX3QAz5b6IO+ItV1yOcLmMzey0M5PigPwVGGaj9aYqicZqJBNjh5yczP7W2OiThYCC+h7FRVvyimLzmGi9FxKsPIkO70Q8NpdWcS2zNlsaoeff1mKjv/hR/22ww50/yoDzQ==",
            "region": "ap-northeast-2",
            "tags": null,
            "tags_all": {}
          },
          "sensitive_attributes": [],
          "identity_schema_version": 0,
          "private": "eyJzY2hlbWFfdmVyc2lvbiI6IjEifQ==",
          "dependencies": [
            "tls_private_key.ssh_key"
          ]
        }
      ]
    },
    {
      "mode": "managed",
      "type": "aws_lb",
      "name": "was_nlb",
      "provider": "provider[\"registry.terraform.io/hashicorp/aws\"]",
      "instances": [
        {
          "schema_version": 0,
          "attributes": {
            "access_logs": [
              {
                "bucket": "",
                "enabled": false,
                "prefix": ""
              }
            ],
            "arn": "arn:aws:elasticloadbalancing:ap-northeast-2:459499397931:loadbalancer/net/was-nlb/0180cc17f9b990e2",
            "arn_suffix": "net/was-nlb/0180cc17f9b990e2",
            "client_keep_alive": null,
            "connection_logs": [],
            "customer_owned_ipv4_pool": "",
            "desync_mitigation_mode": null,
            "dns_name": "was-nlb-0180cc17f9b990e2.elb.ap-northeast-2.amazonaws.com",
            "dns_record_client_routing_policy": "any_availability_zone",
            "drop_invalid_header_fields": null,
            "enable_cross_zone_load_balancing": false,
            "enable_deletion_protection": false,
            "enable_http2": null,
            "enable_tls_version_and_cipher_suite_headers": null,
            "enable_waf_fail_open": null,
            "enable_xff_client_port": null,
            "enable_zonal_shift": false,
            "enforce_security_group_inbound_rules_on_private_link_traffic": "",
            "health_check_logs": [],
            "id": "arn:aws:elasticloadbalancing:ap-northeast-2:459499397931:loadbalancer/net/was-nlb/0180cc17f9b990e2",
            "idle_timeout": null,
            "internal": true,
            "ip_address_type": "ipv4",
            "ipam_pools": [],
            "load_balancer_type": "network",
            "minimum_load_balancer_capacity": [],
            "name": "was-nlb",
            "name_prefix": "",
            "preserve_host_header": null,
            "region": "ap-northeast-2",
            "secondary_ips_auto_assigned_per_subnet": 0,
            "security_groups": [],
            "subnet_mapping": [
              {
                "allocation_id": "",
                "ipv6_address": "",
                "outpost_id": "",
                "private_ipv4_address": "",
                "subnet_id": "subnet-03c1c9a09536c4854"
              },
              {
                "allocation_id": "",
                "ipv6_address": "",
                "outpost_id": "",
                "private_ipv4_address": "",
                "subnet_id": "subnet-0d92b35e4e98e1419"
              }
            ],
            "subnets": [
              "subnet-03c1c9a09536c4854",
              "subnet-0d92b35e4e98e1419"
            ],
            "tags": {
              "Name": "was-nlb"
            },
            "tags_all": {
              "Name": "was-nlb"
            },
            "timeouts": null,
            "vpc_id": "vpc-0bbfcfe814551db58",
            "xff_header_processing_mode": null,
            "zone_id": "ZIBE1TIR4HY56"
          },
          "sensitive_attributes": [],
          "identity_schema_version": 0,
          "identity": {
            "arn": "arn:aws:elasticloadbalancing:ap-northeast-2:459499397931:loadbalancer/net/was-nlb/0180cc17f9b990e2"
          },
          "private": "eyJlMmJmYjczMC1lY2FhLTExZTYtOGY4OC0zNDM2M2JjN2M0YzAiOnsiY3JlYXRlIjo2MDAwMDAwMDAwMDAsImRlbGV0ZSI6NjAwMDAwMDAwMDAwLCJ1cGRhdGUiOjYwMDAwMDAwMDAwMH19",
          "dependencies": [
            "aws_subnet.was_a",
            "aws_subnet.was_b",
            "aws_vpc.historynet"
          ]
        }
      ]
    },
    {
      "mode": "managed",
      "type": "aws_lb",
      "name": "web_alb",
      "provider": "provider[\"registry.terraform.io/hashicorp/aws\"]",
      "instances": [
        {
          "schema_version": 0,
          "attributes": {
            "access_logs": [
              {
                "bucket": "",
                "enabled": false,
                "prefix": ""
              }
            ],
            "arn": "arn:aws:elasticloadbalancing:ap-northeast-2:459499397931:loadbalancer/app/web-alb/4a242d4a128a1dd5",
            "arn_suffix": "app/web-alb/4a242d4a128a1dd5",
            "client_keep_alive": 3600,
            "connection_logs": [
              {
                "bucket": "",
                "enabled": false,
                "prefix": ""
              }
            ],
            "customer_owned_ipv4_pool": "",
            "desync_mitigation_mode": "defensive",
            "dns_name": "web-alb-2070128643.ap-northeast-2.elb.amazonaws.com",
            "dns_record_client_routing_policy": null,
            "drop_invalid_header_fields": false,
            "enable_cross_zone_load_balancing": true,
            "enable_deletion_protection": false,
            "enable_http2": true,
            "enable_tls_version_and_cipher_suite_headers": false,
            "enable_waf_fail_open": false,
            "enable_xff_client_port": false,
            "enable_zonal_shift": false,
            "enforce_security_group_inbound_rules_on_private_link_traffic": "",
            "health_check_logs": [
              {
                "bucket": "",
                "enabled": false,
                "prefix": ""
              }
            ],
            "id": "arn:aws:elasticloadbalancing:ap-northeast-2:459499397931:loadbalancer/app/web-alb/4a242d4a128a1dd5",
            "idle_timeout": 60,
            "internal": false,
            "ip_address_type": "ipv4",
            "ipam_pools": [],
            "load_balancer_type": "application",
            "minimum_load_balancer_capacity": [],
            "name": "web-alb",
            "name_prefix": "",
            "preserve_host_header": false,
            "region": "ap-northeast-2",
            "secondary_ips_auto_assigned_per_subnet": null,
            "security_groups": [
              "sg-085b2c47876b3358b",
              "sg-0d84401cb2750f7bc"
            ],
            "subnet_mapping": [
              {
                "allocation_id": "",
                "ipv6_address": "",
                "outpost_id": "",
                "private_ipv4_address": "",
                "subnet_id": "subnet-066b383fe9da133e1"
              },
              {
                "allocation_id": "",
                "ipv6_address": "",
                "outpost_id": "",
                "private_ipv4_address": "",
                "subnet_id": "subnet-0e81ed5b0fbb03780"
              }
            ],
            "subnets": [
              "subnet-066b383fe9da133e1",
              "subnet-0e81ed5b0fbb03780"
            ],
            "tags": {
              "Name": "web-alb"
            },
            "tags_all": {
              "Name": "web-alb"
            },
            "timeouts": null,
            "vpc_id": "vpc-0bbfcfe814551db58",
            "xff_header_processing_mode": "append",
            "zone_id": "ZWKZPGTI48KDX"
          },
          "sensitive_attributes": [],
          "identity_schema_version": 0,
          "identity": {
            "arn": "arn:aws:elasticloadbalancing:ap-northeast-2:459499397931:loadbalancer/app/web-alb/4a242d4a128a1dd5"
          },
          "private": "eyJlMmJmYjczMC1lY2FhLTExZTYtOGY4OC0zNDM2M2JjN2M0YzAiOnsiY3JlYXRlIjo2MDAwMDAwMDAwMDAsImRlbGV0ZSI6NjAwMDAwMDAwMDAwLCJ1cGRhdGUiOjYwMDAwMDAwMDAwMH19",
          "dependencies": [
            "aws_default_security_group.default",
            "aws_security_group.alb_sg",
            "aws_subnet.public_a",
            "aws_subnet.public_b",
            "aws_vpc.historynet"
          ]
        }
      ]
    },
    {
      "mode": "managed",
      "type": "aws_lb_listener",
      "name": "http",
      "provider": "provider[\"registry.terraform.io/hashicorp/aws\"]",
      "instances": [
        {
          "schema_version": 0,
          "attributes": {
            "alpn_policy": null,
            "arn": "arn:aws:elasticloadbalancing:ap-northeast-2:459499397931:listener/app/web-alb/4a242d4a128a1dd5/c869c20913d5cdda",
            "certificate_arn": null,
            "default_action": [
              {
                "authenticate_cognito": [],
                "authenticate_oidc": [],
                "fixed_response": [],
                "forward": [],
                "jwt_validation": [],
                "order": 1,
                "redirect": [],
                "target_group_arn": "arn:aws:elasticloadbalancing:ap-northeast-2:459499397931:targetgroup/web-tg/e8ddc2e9a4b29b7b",
                "type": "forward"
              }
            ],
            "id": "arn:aws:elasticloadbalancing:ap-northeast-2:459499397931:listener/app/web-alb/4a242d4a128a1dd5/c869c20913d5cdda",
            "load_balancer_arn": "arn:aws:elasticloadbalancing:ap-northeast-2:459499397931:loadbalancer/app/web-alb/4a242d4a128a1dd5",
            "mutual_authentication": [],
            "port": 80,
            "protocol": "HTTP",
            "region": "ap-northeast-2",
            "routing_http_request_x_amzn_mtls_clientcert_header_name": null,
            "routing_http_request_x_amzn_mtls_clientcert_issuer_header_name": null,
            "routing_http_request_x_amzn_mtls_clientcert_leaf_header_name": null,
            "routing_http_request_x_amzn_mtls_clientcert_serial_number_header_name": null,
            "routing_http_request_x_amzn_mtls_clientcert_subject_header_name": null,
            "routing_http_request_x_amzn_mtls_clientcert_validity_header_name": null,
            "routing_http_request_x_amzn_tls_cipher_suite_header_name": null,
            "routing_http_request_x_amzn_tls_version_header_name": null,
            "routing_http_response_access_control_allow_credentials_header_value": "",
            "routing_http_response_access_control_allow_headers_header_value": "",
            "routing_http_response_access_control_allow_methods_header_value": "",
            "routing_http_response_access_control_allow_origin_header_value": "",
            "routing_http_response_access_control_expose_headers_header_value": "",
            "routing_http_response_access_control_max_age_header_value": "",
            "routing_http_response_content_security_policy_header_value": "",
            "routing_http_response_server_enabled": true,
            "routing_http_response_strict_transport_security_header_value": "",
            "routing_http_response_x_content_type_options_header_value": "",
            "routing_http_response_x_frame_options_header_value": "",
            "ssl_policy": "",
            "tags": null,
            "tags_all": {},
            "tcp_idle_timeout_seconds": null,
            "timeouts": null
          },
          "sensitive_attributes": [],
          "identity_schema_version": 0,
          "identity": {
            "arn": "arn:aws:elasticloadbalancing:ap-northeast-2:459499397931:listener/app/web-alb/4a242d4a128a1dd5/c869c20913d5cdda"
          },
          "private": "eyJlMmJmYjczMC1lY2FhLTExZTYtOGY4OC0zNDM2M2JjN2M0YzAiOnsiY3JlYXRlIjozMDAwMDAwMDAwMDAsInVwZGF0ZSI6MzAwMDAwMDAwMDAwfX0=",
          "dependencies": [
            "aws_default_security_group.default",
            "aws_lb.web_alb",
            "aws_lb_target_group.web_tg",
            "aws_security_group.alb_sg",
            "aws_subnet.public_a",
            "aws_subnet.public_b",
            "aws_vpc.historynet"
          ]
        }
      ]
    },
    {
      "mode": "managed",
      "type": "aws_lb_listener",
      "name": "was_listener",
      "provider": "provider[\"registry.terraform.io/hashicorp/aws\"]",
      "instances": [
        {
          "schema_version": 0,
          "attributes": {
            "alpn_policy": null,
            "arn": "arn:aws:elasticloadbalancing:ap-northeast-2:459499397931:listener/net/was-nlb/0180cc17f9b990e2/1cc1820fe6ad307f",
            "certificate_arn": null,
            "default_action": [
              {
                "authenticate_cognito": [],
                "authenticate_oidc": [],
                "fixed_response": [],
                "forward": [],
                "jwt_validation": [],
                "order": 1,
                "redirect": [],
                "target_group_arn": "arn:aws:elasticloadbalancing:ap-northeast-2:459499397931:targetgroup/was-tg/06e567cdbc390168",
                "type": "forward"
              }
            ],
            "id": "arn:aws:elasticloadbalancing:ap-northeast-2:459499397931:listener/net/was-nlb/0180cc17f9b990e2/1cc1820fe6ad307f",
            "load_balancer_arn": "arn:aws:elasticloadbalancing:ap-northeast-2:459499397931:loadbalancer/net/was-nlb/0180cc17f9b990e2",
            "mutual_authentication": [],
            "port": 5000,
            "protocol": "TCP",
            "region": "ap-northeast-2",
            "routing_http_request_x_amzn_mtls_clientcert_header_name": null,
            "routing_http_request_x_amzn_mtls_clientcert_issuer_header_name": null,
            "routing_http_request_x_amzn_mtls_clientcert_leaf_header_name": null,
            "routing_http_request_x_amzn_mtls_clientcert_serial_number_header_name": null,
            "routing_http_request_x_amzn_mtls_clientcert_subject_header_name": null,
            "routing_http_request_x_amzn_mtls_clientcert_validity_header_name": null,
            "routing_http_request_x_amzn_tls_cipher_suite_header_name": null,
            "routing_http_request_x_amzn_tls_version_header_name": null,
            "routing_http_response_access_control_allow_credentials_header_value": null,
            "routing_http_response_access_control_allow_headers_header_value": null,
            "routing_http_response_access_control_allow_methods_header_value": null,
            "routing_http_response_access_control_allow_origin_header_value": null,
            "routing_http_response_access_control_expose_headers_header_value": null,
            "routing_http_response_access_control_max_age_header_value": null,
            "routing_http_response_content_security_policy_header_value": null,
            "routing_http_response_server_enabled": null,
            "routing_http_response_strict_transport_security_header_value": null,
            "routing_http_response_x_content_type_options_header_value": null,
            "routing_http_response_x_frame_options_header_value": null,
            "ssl_policy": "",
            "tags": null,
            "tags_all": {},
            "tcp_idle_timeout_seconds": 350,
            "timeouts": null
          },
          "sensitive_attributes": [],
          "identity_schema_version": 0,
          "identity": {
            "arn": "arn:aws:elasticloadbalancing:ap-northeast-2:459499397931:listener/net/was-nlb/0180cc17f9b990e2/1cc1820fe6ad307f"
          },
          "private": "eyJlMmJmYjczMC1lY2FhLTExZTYtOGY4OC0zNDM2M2JjN2M0YzAiOnsiY3JlYXRlIjozMDAwMDAwMDAwMDAsInVwZGF0ZSI6MzAwMDAwMDAwMDAwfX0=",
          "dependencies": [
            "aws_lb.was_nlb",
            "aws_lb_target_group.was_tg",
            "aws_subnet.was_a",
            "aws_subnet.was_b",
            "aws_vpc.historynet"
          ]
        }
      ]
    },
    {
      "mode": "managed",
      "type": "aws_lb_target_group",
      "name": "was_tg",
      "provider": "provider[\"registry.terraform.io/hashicorp/aws\"]",
      "instances": [
        {
          "schema_version": 0,
          "attributes": {
            "arn": "arn:aws:elasticloadbalancing:ap-northeast-2:459499397931:targetgroup/was-tg/06e567cdbc390168",
            "arn_suffix": "targetgroup/was-tg/06e567cdbc390168",
            "connection_termination": false,
            "deregistration_delay": "300",
            "health_check": [
              {
                "enabled": true,
                "healthy_threshold": 3,
                "interval": 30,
                "matcher": "",
                "path": "",
                "port": "5000",
                "protocol": "TCP",
                "timeout": 10,
                "unhealthy_threshold": 3
              }
            ],
            "id": "arn:aws:elasticloadbalancing:ap-northeast-2:459499397931:targetgroup/was-tg/06e567cdbc390168",
            "ip_address_type": "ipv4",
            "lambda_multi_value_headers_enabled": false,
            "load_balancer_arns": [],
            "load_balancing_algorithm_type": null,
            "load_balancing_anomaly_mitigation": null,
            "load_balancing_cross_zone_enabled": "use_load_balancer_configuration",
            "name": "was-tg",
            "name_prefix": "",
            "port": 5000,
            "preserve_client_ip": "true",
            "protocol": "TCP",
            "protocol_version": null,
            "proxy_protocol_v2": false,
            "region": "ap-northeast-2",
            "slow_start": 0,
            "stickiness": [
              {
                "cookie_duration": 0,
                "cookie_name": "",
                "enabled": false,
                "type": "source_ip"
              }
            ],
            "tags": {
              "Name": "was-tg"
            },
            "tags_all": {
              "Name": "was-tg"
            },
            "target_control_port": 0,
            "target_failover": [
              {
                "on_deregistration": null,
                "on_unhealthy": null
              }
            ],
            "target_group_health": [
              {
                "dns_failover": [
                  {
                    "minimum_healthy_targets_count": "1",
                    "minimum_healthy_targets_percentage": "off"
                  }
                ],
                "unhealthy_state_routing": [
                  {
                    "minimum_healthy_targets_count": 1,
                    "minimum_healthy_targets_percentage": "off"
                  }
                ]
              }
            ],
            "target_health_state": [
              {
                "enable_unhealthy_connection_termination": true,
                "unhealthy_draining_interval": 0
              }
            ],
            "target_type": "instance",
            "vpc_id": "vpc-0bbfcfe814551db58"
          },
          "sensitive_attributes": [],
          "identity_schema_version": 0,
          "identity": {
            "arn": "arn:aws:elasticloadbalancing:ap-northeast-2:459499397931:targetgroup/was-tg/06e567cdbc390168"
          },
          "private": "bnVsbA==",
          "dependencies": [
            "aws_vpc.historynet"
          ]
        }
      ]
    },
    {
      "mode": "managed",
      "type": "aws_lb_target_group",
      "name": "web_tg",
      "provider": "provider[\"registry.terraform.io/hashicorp/aws\"]",
      "instances": [
        {
          "schema_version": 0,
          "attributes": {
            "arn": "arn:aws:elasticloadbalancing:ap-northeast-2:459499397931:targetgroup/web-tg/e8ddc2e9a4b29b7b",
            "arn_suffix": "targetgroup/web-tg/e8ddc2e9a4b29b7b",
            "connection_termination": null,
            "deregistration_delay": "300",
            "health_check": [
              {
                "enabled": true,
                "healthy_threshold": 3,
                "interval": 30,
                "matcher": "200-399",
                "path": "/",
                "port": "traffic-port",
                "protocol": "HTTP",
                "timeout": 5,
                "unhealthy_threshold": 3
              }
            ],
            "id": "arn:aws:elasticloadbalancing:ap-northeast-2:459499397931:targetgroup/web-tg/e8ddc2e9a4b29b7b",
            "ip_address_type": "ipv4",
            "lambda_multi_value_headers_enabled": false,
            "load_balancer_arns": [],
            "load_balancing_algorithm_type": "round_robin",
            "load_balancing_anomaly_mitigation": "off",
            "load_balancing_cross_zone_enabled": "use_load_balancer_configuration",
            "name": "web-tg",
            "name_prefix": "",
            "port": 80,
            "preserve_client_ip": null,
            "protocol": "HTTP",
            "protocol_version": "HTTP1",
            "proxy_protocol_v2": false,
            "region": "ap-northeast-2",
            "slow_start": 0,
            "stickiness": [
              {
                "cookie_duration": 86400,
                "cookie_name": "",
                "enabled": false,
                "type": "lb_cookie"
              }
            ],
            "tags": {
              "Name": "web-tg"
            },
            "tags_all": {
              "Name": "web-tg"
            },
            "target_control_port": 0,
            "target_failover": [
              {
                "on_deregistration": null,
                "on_unhealthy": null
              }
            ],
            "target_group_health": [
              {
                "dns_failover": [
                  {
                    "minimum_healthy_targets_count": "1",
                    "minimum_healthy_targets_percentage": "off"
                  }
                ],
                "unhealthy_state_routing": [
                  {
                    "minimum_healthy_targets_count": 1,
                    "minimum_healthy_targets_percentage": "off"
                  }
                ]
              }
            ],
            "target_health_state": [
              {
                "enable_unhealthy_connection_termination": null,
                "unhealthy_draining_interval": null
              }
            ],
            "target_type": "instance",
            "vpc_id": "vpc-0bbfcfe814551db58"
          },
          "sensitive_attributes": [],
          "identity_schema_version": 0,
          "identity": {
            "arn": "arn:aws:elasticloadbalancing:ap-northeast-2:459499397931:targetgroup/web-tg/e8ddc2e9a4b29b7b"
          },
          "private": "bnVsbA==",
          "dependencies": [
            "aws_vpc.historynet"
          ]
        }
      ]
    },
    {
      "mode": "managed",
      "type": "aws_lb_target_group_attachment",
      "name": "was_a",
      "provider": "provider[\"registry.terraform.io/hashicorp/aws\"]",
      "instances": [
        {
          "schema_version": 0,
          "attributes": {
            "availability_zone": null,
            "id": "arn:aws:elasticloadbalancing:ap-northeast-2:459499397931:targetgroup/was-tg/06e567cdbc390168,i-05d2b1c26f1c83f6e,5000",
            "port": 5000,
            "quic_server_id": null,
            "region": "ap-northeast-2",
            "target_group_arn": "arn:aws:elasticloadbalancing:ap-northeast-2:459499397931:targetgroup/was-tg/06e567cdbc390168",
            "target_id": "i-05d2b1c26f1c83f6e"
          },
          "sensitive_attributes": [],
          "identity_schema_version": 0,
          "identity": {
            "account_id": "459499397931",
            "availability_zone": null,
            "port": 5000,
            "quic_server_id": null,
            "region": "ap-northeast-2",
            "target_group_arn": "arn:aws:elasticloadbalancing:ap-northeast-2:459499397931:targetgroup/was-tg/06e567cdbc390168",
            "target_id": "i-05d2b1c26f1c83f6e"
          },
          "private": "bnVsbA==",
          "dependencies": [
            "aws_default_security_group.default",
            "aws_instance.was_a",
            "aws_lb_target_group.was_tg",
            "aws_security_group.was_sg",
            "aws_subnet.was_a",
            "aws_vpc.historynet",
            "data.aws_ami.al2023"
          ]
        }
      ]
    },
    {
      "mode": "managed",
      "type": "aws_lb_target_group_attachment",
      "name": "was_b",
      "provider": "provider[\"registry.terraform.io/hashicorp/aws\"]",
      "instances": [
        {
          "schema_version": 0,
          "attributes": {
            "availability_zone": null,
            "id": "arn:aws:elasticloadbalancing:ap-northeast-2:459499397931:targetgroup/was-tg/06e567cdbc390168,i-094d24f2b14f5d9cc,5000",
            "port": 5000,
            "quic_server_id": null,
            "region": "ap-northeast-2",
            "target_group_arn": "arn:aws:elasticloadbalancing:ap-northeast-2:459499397931:targetgroup/was-tg/06e567cdbc390168",
            "target_id": "i-094d24f2b14f5d9cc"
          },
          "sensitive_attributes": [],
          "identity_schema_version": 0,
          "identity": {
            "account_id": "459499397931",
            "availability_zone": null,
            "port": 5000,
            "quic_server_id": null,
            "region": "ap-northeast-2",
            "target_group_arn": "arn:aws:elasticloadbalancing:ap-northeast-2:459499397931:targetgroup/was-tg/06e567cdbc390168",
            "target_id": "i-094d24f2b14f5d9cc"
          },
          "private": "bnVsbA==",
          "dependencies": [
            "aws_default_security_group.default",
            "aws_instance.was_b",
            "aws_lb_target_group.was_tg",
            "aws_security_group.was_sg",
            "aws_subnet.was_b",
            "aws_vpc.historynet",
            "data.aws_ami.al2023"
          ]
        }
      ]
    },
    {
      "mode": "managed",
      "type": "aws_lb_target_group_attachment",
      "name": "web_a",
      "provider": "provider[\"registry.terraform.io/hashicorp/aws\"]",
      "instances": [
        {
          "schema_version": 0,
          "attributes": {
            "availability_zone": null,
            "id": "arn:aws:elasticloadbalancing:ap-northeast-2:459499397931:targetgroup/web-tg/e8ddc2e9a4b29b7b,i-0332ed31909a1c911,80",
            "port": 80,
            "quic_server_id": null,
            "region": "ap-northeast-2",
            "target_group_arn": "arn:aws:elasticloadbalancing:ap-northeast-2:459499397931:targetgroup/web-tg/e8ddc2e9a4b29b7b",
            "target_id": "i-0332ed31909a1c911"
          },
          "sensitive_attributes": [],
          "identity_schema_version": 0,
          "identity": {
            "account_id": "459499397931",
            "availability_zone": null,
            "port": 80,
            "quic_server_id": null,
            "region": "ap-northeast-2",
            "target_group_arn": "arn:aws:elasticloadbalancing:ap-northeast-2:459499397931:targetgroup/web-tg/e8ddc2e9a4b29b7b",
            "target_id": "i-0332ed31909a1c911"
          },
          "private": "bnVsbA==",
          "dependencies": [
            "aws_default_security_group.default",
            "aws_instance.web_a",
            "aws_lb.was_nlb",
            "aws_lb_target_group.web_tg",
            "aws_security_group.web_sg",
            "aws_subnet.was_a",
            "aws_subnet.was_b",
            "aws_subnet.web_a",
            "aws_vpc.historynet",
            "data.aws_ami.al2023"
          ]
        }
      ]
    },
    {
      "mode": "managed",
      "type": "aws_lb_target_group_attachment",
      "name": "web_b",
      "provider": "provider[\"registry.terraform.io/hashicorp/aws\"]",
      "instances": [
        {
          "schema_version": 0,
          "attributes": {
            "availability_zone": null,
            "id": "arn:aws:elasticloadbalancing:ap-northeast-2:459499397931:targetgroup/web-tg/e8ddc2e9a4b29b7b,i-09b64b93278e14a23,80",
            "port": 80,
            "quic_server_id": null,
            "region": "ap-northeast-2",
            "target_group_arn": "arn:aws:elasticloadbalancing:ap-northeast-2:459499397931:targetgroup/web-tg/e8ddc2e9a4b29b7b",
            "target_id": "i-09b64b93278e14a23"
          },
          "sensitive_attributes": [],
          "identity_schema_version": 0,
          "identity": {
            "account_id": "459499397931",
            "availability_zone": null,
            "port": 80,
            "quic_server_id": null,
            "region": "ap-northeast-2",
            "target_group_arn": "arn:aws:elasticloadbalancing:ap-northeast-2:459499397931:targetgroup/web-tg/e8ddc2e9a4b29b7b",
            "target_id": "i-09b64b93278e14a23"
          },
          "private": "bnVsbA==",
          "dependencies": [
            "aws_default_security_group.default",
            "aws_instance.web_b",
            "aws_lb.was_nlb",
            "aws_lb_target_group.web_tg",
            "aws_security_group.web_sg",
            "aws_subnet.was_a",
            "aws_subnet.was_b",
            "aws_subnet.web_b",
            "aws_vpc.historynet",
            "data.aws_ami.al2023"
          ]
        }
      ]
    },
    {
      "mode": "managed",
      "type": "aws_nat_gateway",
      "name": "a",
      "provider": "provider[\"registry.terraform.io/hashicorp/aws\"]",
      "instances": [
        {
          "schema_version": 0,
          "attributes": {
            "allocation_id": "eipalloc-0f620183e9d9d992e",
            "association_id": "eipassoc-065a5191edc215144",
            "auto_provision_zones": null,
            "auto_scaling_ips": null,
            "availability_mode": "zonal",
            "availability_zone_address": [],
            "connectivity_type": "public",
            "id": "nat-0efc2cce907213d46",
            "network_interface_id": "eni-03df547874b08f6ec",
            "private_ip": "10.0.0.190",
            "public_ip": "3.34.151.119",
            "region": "ap-northeast-2",
            "regional_nat_gateway_address": [],
            "regional_nat_gateway_auto_mode": null,
            "route_table_id": null,
            "secondary_allocation_ids": [],
            "secondary_private_ip_address_count": 0,
            "secondary_private_ip_addresses": [],
            "subnet_id": "subnet-066b383fe9da133e1",
            "tags": {
              "Managed": "terraform",
              "Name": "historynet-nat-a",
              "Project": "historynet"
            },
            "tags_all": {
              "Managed": "terraform",
              "Name": "historynet-nat-a",
              "Project": "historynet"
            },
            "timeouts": null,
            "vpc_id": "vpc-0bbfcfe814551db58"
          },
          "sensitive_attributes": [],
          "identity_schema_version": 0,
          "identity": {
            "account_id": "459499397931",
            "id": "nat-0efc2cce907213d46",
            "region": "ap-northeast-2"
          },
          "private": "eyJlMmJmYjczMC1lY2FhLTExZTYtOGY4OC0zNDM2M2JjN2M0YzAiOnsiY3JlYXRlIjo2MDAwMDAwMDAwMDAsImRlbGV0ZSI6MTgwMDAwMDAwMDAwMCwidXBkYXRlIjo2MDAwMDAwMDAwMDB9fQ==",
          "dependencies": [
            "aws_eip.nat_a",
            "aws_internet_gateway.this",
            "aws_subnet.public_a",
            "aws_vpc.historynet"
          ]
        }
      ]
    },
    {
      "mode": "managed",
      "type": "aws_nat_gateway",
      "name": "b",
      "provider": "provider[\"registry.terraform.io/hashicorp/aws\"]",
      "instances": [
        {
          "schema_version": 0,
          "attributes": {
            "allocation_id": "eipalloc-036c4724723e6fcad",
            "association_id": "eipassoc-047fbb16d0ef588de",
            "auto_provision_zones": null,
            "auto_scaling_ips": null,
            "availability_mode": "zonal",
            "availability_zone_address": [],
            "connectivity_type": "public",
            "id": "nat-0aa83ee932eab18dc",
            "network_interface_id": "eni-0ad04767043da94a7",
            "private_ip": "10.0.1.202",
            "public_ip": "13.209.128.214",
            "region": "ap-northeast-2",
            "regional_nat_gateway_address": [],
            "regional_nat_gateway_auto_mode": null,
            "route_table_id": null,
            "secondary_allocation_ids": [],
            "secondary_private_ip_address_count": 0,
            "secondary_private_ip_addresses": [],
            "subnet_id": "subnet-0e81ed5b0fbb03780",
            "tags": {
              "Managed": "terraform",
              "Name": "historynet-nat-b",
              "Project": "historynet"
            },
            "tags_all": {
              "Managed": "terraform",
              "Name": "historynet-nat-b",
              "Project": "historynet"
            },
            "timeouts": null,
            "vpc_id": "vpc-0bbfcfe814551db58"
          },
          "sensitive_attributes": [],
          "identity_schema_version": 0,
          "identity": {
            "account_id": "459499397931",
            "id": "nat-0aa83ee932eab18dc",
            "region": "ap-northeast-2"
          },
          "private": "eyJlMmJmYjczMC1lY2FhLTExZTYtOGY4OC0zNDM2M2JjN2M0YzAiOnsiY3JlYXRlIjo2MDAwMDAwMDAwMDAsImRlbGV0ZSI6MTgwMDAwMDAwMDAwMCwidXBkYXRlIjo2MDAwMDAwMDAwMDB9fQ==",
          "dependencies": [
            "aws_eip.nat_b",
            "aws_internet_gateway.this",
            "aws_subnet.public_b",
            "aws_vpc.historynet"
          ]
        }
      ]
    },
    {
      "mode": "managed",
      "type": "aws_route",
      "name": "private_a_nat",
      "provider": "provider[\"registry.terraform.io/hashicorp/aws\"]",
      "instances": [
        {
          "schema_version": 0,
          "attributes": {
            "carrier_gateway_id": "",
            "core_network_arn": "",
            "destination_cidr_block": "0.0.0.0/0",
            "destination_ipv6_cidr_block": "",
            "destination_prefix_list_id": "",
            "egress_only_gateway_id": "",
            "gateway_id": "",
            "id": "r-rtb-0c6941e9d18e7c2711080289494",
            "instance_id": "",
            "instance_owner_id": "",
            "local_gateway_id": "",
            "nat_gateway_id": "nat-0efc2cce907213d46",
            "network_interface_id": "",
            "origin": "CreateRoute",
            "region": "ap-northeast-2",
            "route_table_id": "rtb-0c6941e9d18e7c271",
            "state": "active",
            "timeouts": null,
            "transit_gateway_id": "",
            "vpc_endpoint_id": "",
            "vpc_peering_connection_id": ""
          },
          "sensitive_attributes": [],
          "identity_schema_version": 0,
          "identity": {
            "account_id": "459499397931",
            "destination_cidr_block": "0.0.0.0/0",
            "destination_ipv6_cidr_block": null,
            "destination_prefix_list_id": null,
            "region": "ap-northeast-2",
            "route_table_id": "rtb-0c6941e9d18e7c271"
          },
          "private": "eyJlMmJmYjczMC1lY2FhLTExZTYtOGY4OC0zNDM2M2JjN2M0YzAiOnsiY3JlYXRlIjozMDAwMDAwMDAwMDAsImRlbGV0ZSI6MzAwMDAwMDAwMDAwLCJ1cGRhdGUiOjEyMDAwMDAwMDAwMH19",
          "dependencies": [
            "aws_eip.nat_a",
            "aws_internet_gateway.this",
            "aws_nat_gateway.a",
            "aws_route_table.private_a",
            "aws_subnet.public_a",
            "aws_vpc.historynet"
          ]
        }
      ]
    },
    {
      "mode": "managed",
      "type": "aws_route",
      "name": "private_b_nat",
      "provider": "provider[\"registry.terraform.io/hashicorp/aws\"]",
      "instances": [
        {
          "schema_version": 0,
          "attributes": {
            "carrier_gateway_id": "",
            "core_network_arn": "",
            "destination_cidr_block": "0.0.0.0/0",
            "destination_ipv6_cidr_block": "",
            "destination_prefix_list_id": "",
            "egress_only_gateway_id": "",
            "gateway_id": "",
            "id": "r-rtb-048134f7d2f0e3dc31080289494",
            "instance_id": "",
            "instance_owner_id": "",
            "local_gateway_id": "",
            "nat_gateway_id": "nat-0aa83ee932eab18dc",
            "network_interface_id": "",
            "origin": "CreateRoute",
            "region": "ap-northeast-2",
            "route_table_id": "rtb-048134f7d2f0e3dc3",
            "state": "active",
            "timeouts": null,
            "transit_gateway_id": "",
            "vpc_endpoint_id": "",
            "vpc_peering_connection_id": ""
          },
          "sensitive_attributes": [],
          "identity_schema_version": 0,
          "identity": {
            "account_id": "459499397931",
            "destination_cidr_block": "0.0.0.0/0",
            "destination_ipv6_cidr_block": null,
            "destination_prefix_list_id": null,
            "region": "ap-northeast-2",
            "route_table_id": "rtb-048134f7d2f0e3dc3"
          },
          "private": "eyJlMmJmYjczMC1lY2FhLTExZTYtOGY4OC0zNDM2M2JjN2M0YzAiOnsiY3JlYXRlIjozMDAwMDAwMDAwMDAsImRlbGV0ZSI6MzAwMDAwMDAwMDAwLCJ1cGRhdGUiOjEyMDAwMDAwMDAwMH19",
          "dependencies": [
            "aws_eip.nat_b",
            "aws_internet_gateway.this",
            "aws_nat_gateway.b",
            "aws_route_table.private_b",
            "aws_subnet.public_b",
            "aws_vpc.historynet"
          ]
        }
      ]
    },
    {
      "mode": "managed",
      "type": "aws_route",
      "name": "public_igw",
      "provider": "provider[\"registry.terraform.io/hashicorp/aws\"]",
      "instances": [
        {
          "schema_version": 0,
          "attributes": {
            "carrier_gateway_id": "",
            "core_network_arn": "",
            "destination_cidr_block": "0.0.0.0/0",
            "destination_ipv6_cidr_block": "",
            "destination_prefix_list_id": "",
            "egress_only_gateway_id": "",
            "gateway_id": "igw-07ea5c1bf30023ed3",
            "id": "r-rtb-05d21ae5185fe3d2b1080289494",
            "instance_id": "",
            "instance_owner_id": "",
            "local_gateway_id": "",
            "nat_gateway_id": "",
            "network_interface_id": "",
            "origin": "CreateRoute",
            "region": "ap-northeast-2",
            "route_table_id": "rtb-05d21ae5185fe3d2b",
            "state": "active",
            "timeouts": null,
            "transit_gateway_id": "",
            "vpc_endpoint_id": "",
            "vpc_peering_connection_id": ""
          },
          "sensitive_attributes": [],
          "identity_schema_version": 0,
          "identity": {
            "account_id": "459499397931",
            "destination_cidr_block": "0.0.0.0/0",
            "destination_ipv6_cidr_block": null,
            "destination_prefix_list_id": null,
            "region": "ap-northeast-2",
            "route_table_id": "rtb-05d21ae5185fe3d2b"
          },
          "private": "eyJlMmJmYjczMC1lY2FhLTExZTYtOGY4OC0zNDM2M2JjN2M0YzAiOnsiY3JlYXRlIjozMDAwMDAwMDAwMDAsImRlbGV0ZSI6MzAwMDAwMDAwMDAwLCJ1cGRhdGUiOjEyMDAwMDAwMDAwMH19",
          "dependencies": [
            "aws_internet_gateway.this",
            "aws_route_table.public",
            "aws_vpc.historynet"
          ]
        }
      ]
    },
    {
      "mode": "managed",
      "type": "aws_route53_record",
      "name": "rds_cname",
      "provider": "provider[\"registry.terraform.io/hashicorp/aws\"]",
      "instances": [
        {
          "schema_version": 2,
          "attributes": {
            "alias": [],
            "allow_overwrite": null,
            "cidr_routing_policy": [],
            "failover_routing_policy": [],
            "fqdn": "db.cloud.local",
            "geolocation_routing_policy": [],
            "geoproximity_routing_policy": [],
            "health_check_id": "",
            "id": "Z06562252GXDOJ156M4P1_db.cloud.local_CNAME",
            "latency_routing_policy": [],
            "multivalue_answer_routing_policy": false,
            "name": "db.cloud.local",
            "records": [
              "mysql8.cpwu2uc4wa61.ap-northeast-2.rds.amazonaws.com"
            ],
            "set_identifier": "",
            "timeouts": null,
            "ttl": 300,
            "type": "CNAME",
            "weighted_routing_policy": [],
            "zone_id": "Z06562252GXDOJ156M4P1"
          },
          "sensitive_attributes": [],
          "identity_schema_version": 0,
          "identity": {
            "account_id": "459499397931",
            "name": "db.cloud.local",
            "set_identifier": null,
            "type": "CNAME",
            "zone_id": "Z06562252GXDOJ156M4P1"
          },
          "private": "eyJlMmJmYjczMC1lY2FhLTExZTYtOGY4OC0zNDM2M2JjN2M0YzAiOnsiY3JlYXRlIjoxODAwMDAwMDAwMDAwLCJkZWxldGUiOjE4MDAwMDAwMDAwMDAsInVwZGF0ZSI6MTgwMDAwMDAwMDAwMH0sInNjaGVtYV92ZXJzaW9uIjoiMiJ9",
          "dependencies": [
            "aws_db_instance.mysql",
            "aws_db_subnet_group.rds_subnet_group",
            "aws_default_security_group.default",
            "aws_route53_zone.inter_local",
            "aws_security_group.mysql_sg",
            "aws_subnet.db_a",
            "aws_subnet.db_b",
            "aws_vpc.historynet"
          ]
        }
      ]
    },
    {
      "mode": "managed",
      "type": "aws_route53_record",
      "name": "was_cloud_local",
      "provider": "provider[\"registry.terraform.io/hashicorp/aws\"]",
      "instances": [
        {
          "schema_version": 2,
          "attributes": {
            "alias": [
              {
                "evaluate_target_health": true,
                "name": "was-nlb-0180cc17f9b990e2.elb.ap-northeast-2.amazonaws.com",
                "zone_id": "ZIBE1TIR4HY56"
              }
            ],
            "allow_overwrite": null,
            "cidr_routing_policy": [],
            "failover_routing_policy": [],
            "fqdn": "was.cloud.local",
            "geolocation_routing_policy": [],
            "geoproximity_routing_policy": [],
            "health_check_id": "",
            "id": "Z06562252GXDOJ156M4P1_was.cloud.local_A",
            "latency_routing_policy": [],
            "multivalue_answer_routing_policy": false,
            "name": "was.cloud.local",
            "records": null,
            "set_identifier": "",
            "timeouts": null,
            "ttl": 0,
            "type": "A",
            "weighted_routing_policy": [],
            "zone_id": "Z06562252GXDOJ156M4P1"
          },
          "sensitive_attributes": [],
          "identity_schema_version": 0,
          "identity": {
            "account_id": "459499397931",
            "name": "was.cloud.local",
            "set_identifier": null,
            "type": "A",
            "zone_id": "Z06562252GXDOJ156M4P1"
          },
          "private": "eyJlMmJmYjczMC1lY2FhLTExZTYtOGY4OC0zNDM2M2JjN2M0YzAiOnsiY3JlYXRlIjoxODAwMDAwMDAwMDAwLCJkZWxldGUiOjE4MDAwMDAwMDAwMDAsInVwZGF0ZSI6MTgwMDAwMDAwMDAwMH0sInNjaGVtYV92ZXJzaW9uIjoiMiJ9",
          "dependencies": [
            "aws_lb.was_nlb",
            "aws_route53_zone.inter_local",
            "aws_subnet.was_a",
            "aws_subnet.was_b",
            "aws_vpc.historynet"
          ]
        }
      ]
    },
    {
      "mode": "managed",
      "type": "aws_route53_zone",
      "name": "inter_local",
      "provider": "provider[\"registry.terraform.io/hashicorp/aws\"]",
      "instances": [
        {
          "schema_version": 0,
          "attributes": {
            "arn": "arn:aws:route53:::hostedzone/Z06562252GXDOJ156M4P1",
            "comment": "Private hosted zone for internal DNS",
            "delegation_set_id": "",
            "enable_accelerated_recovery": false,
            "force_destroy": false,
            "id": "Z06562252GXDOJ156M4P1",
            "name": "cloud.local",
            "name_servers": [
              "ns-0.awsdns-00.com.",
              "ns-1024.awsdns-00.org.",
              "ns-1536.awsdns-00.co.uk.",
              "ns-512.awsdns-00.net."
            ],
            "primary_name_server": "ns-0.awsdns-00.com.",
            "tags": {
              "Name": "cloud.local"
            },
            "tags_all": {
              "Name": "cloud.local"
            },
            "timeouts": null,
            "vpc": [
              {
                "vpc_id": "vpc-0bbfcfe814551db58",
                "vpc_region": "ap-northeast-2"
              }
            ],
            "zone_id": "Z06562252GXDOJ156M4P1"
          },
          "sensitive_attributes": [],
          "identity_schema_version": 0,
          "identity": {
            "account_id": "459499397931",
            "zone_id": "Z06562252GXDOJ156M4P1"
          },
          "private": "eyJlMmJmYjczMC1lY2FhLTExZTYtOGY4OC0zNDM2M2JjN2M0YzAiOnsiY3JlYXRlIjoxODAwMDAwMDAwMDAwLCJkZWxldGUiOjE4MDAwMDAwMDAwMDAsInVwZGF0ZSI6MTgwMDAwMDAwMDAwMH19",
          "dependencies": [
            "aws_vpc.historynet"
          ]
        }
      ]
    },
    {
      "mode": "managed",
      "type": "aws_route_table",
      "name": "private_a",
      "provider": "provider[\"registry.terraform.io/hashicorp/aws\"]",
      "instances": [
        {
          "schema_version": 0,
          "attributes": {
            "arn": "arn:aws:ec2:ap-northeast-2:459499397931:route-table/rtb-0c6941e9d18e7c271",
            "id": "rtb-0c6941e9d18e7c271",
            "owner_id": "459499397931",
            "propagating_vgws": [],
            "region": "ap-northeast-2",
            "route": [],
            "tags": {
              "Managed": "terraform",
              "Name": "historynet-private-rt-a",
              "Project": "historynet"
            },
            "tags_all": {
              "Managed": "terraform",
              "Name": "historynet-private-rt-a",
              "Project": "historynet"
            },
            "timeouts": null,
            "vpc_id": "vpc-0bbfcfe814551db58"
          },
          "sensitive_attributes": [],
          "identity_schema_version": 0,
          "identity": {
            "account_id": "459499397931",
            "id": "rtb-0c6941e9d18e7c271",
            "region": "ap-northeast-2"
          },
          "private": "eyJlMmJmYjczMC1lY2FhLTExZTYtOGY4OC0zNDM2M2JjN2M0YzAiOnsiY3JlYXRlIjozMDAwMDAwMDAwMDAsImRlbGV0ZSI6MzAwMDAwMDAwMDAwLCJ1cGRhdGUiOjEyMDAwMDAwMDAwMH19",
          "dependencies": [
            "aws_vpc.historynet"
          ]
        }
      ]
    },
    {
      "mode": "managed",
      "type": "aws_route_table",
      "name": "private_b",
      "provider": "provider[\"registry.terraform.io/hashicorp/aws\"]",
      "instances": [
        {
          "schema_version": 0,
          "attributes": {
            "arn": "arn:aws:ec2:ap-northeast-2:459499397931:route-table/rtb-048134f7d2f0e3dc3",
            "id": "rtb-048134f7d2f0e3dc3",
            "owner_id": "459499397931",
            "propagating_vgws": [],
            "region": "ap-northeast-2",
            "route": [],
            "tags": {
              "Managed": "terraform",
              "Name": "historynet-private-rt-b",
              "Project": "historynet"
            },
            "tags_all": {
              "Managed": "terraform",
              "Name": "historynet-private-rt-b",
              "Project": "historynet"
            },
            "timeouts": null,
            "vpc_id": "vpc-0bbfcfe814551db58"
          },
          "sensitive_attributes": [],
          "identity_schema_version": 0,
          "identity": {
            "account_id": "459499397931",
            "id": "rtb-048134f7d2f0e3dc3",
            "region": "ap-northeast-2"
          },
          "private": "eyJlMmJmYjczMC1lY2FhLTExZTYtOGY4OC0zNDM2M2JjN2M0YzAiOnsiY3JlYXRlIjozMDAwMDAwMDAwMDAsImRlbGV0ZSI6MzAwMDAwMDAwMDAwLCJ1cGRhdGUiOjEyMDAwMDAwMDAwMH19",
          "dependencies": [
            "aws_vpc.historynet"
          ]
        }
      ]
    },
    {
      "mode": "managed",
      "type": "aws_route_table",
      "name": "public",
      "provider": "provider[\"registry.terraform.io/hashicorp/aws\"]",
      "instances": [
        {
          "schema_version": 0,
          "attributes": {
            "arn": "arn:aws:ec2:ap-northeast-2:459499397931:route-table/rtb-05d21ae5185fe3d2b",
            "id": "rtb-05d21ae5185fe3d2b",
            "owner_id": "459499397931",
            "propagating_vgws": [],
            "region": "ap-northeast-2",
            "route": [],
            "tags": {
              "Managed": "terraform",
              "Name": "historynet-public-rt",
              "Project": "historynet"
            },
            "tags_all": {
              "Managed": "terraform",
              "Name": "historynet-public-rt",
              "Project": "historynet"
            },
            "timeouts": null,
            "vpc_id": "vpc-0bbfcfe814551db58"
          },
          "sensitive_attributes": [],
          "identity_schema_version": 0,
          "identity": {
            "account_id": "459499397931",
            "id": "rtb-05d21ae5185fe3d2b",
            "region": "ap-northeast-2"
          },
          "private": "eyJlMmJmYjczMC1lY2FhLTExZTYtOGY4OC0zNDM2M2JjN2M0YzAiOnsiY3JlYXRlIjozMDAwMDAwMDAwMDAsImRlbGV0ZSI6MzAwMDAwMDAwMDAwLCJ1cGRhdGUiOjEyMDAwMDAwMDAwMH19",
          "dependencies": [
            "aws_vpc.historynet"
          ]
        }
      ]
    },
    {
      "mode": "managed",
      "type": "aws_route_table_association",
      "name": "db_a",
      "provider": "provider[\"registry.terraform.io/hashicorp/aws\"]",
      "instances": [
        {
          "schema_version": 0,
          "attributes": {
            "gateway_id": "",
            "id": "rtbassoc-0f6ca2ee67b73572e",
            "region": "ap-northeast-2",
            "route_table_id": "rtb-0c6941e9d18e7c271",
            "subnet_id": "subnet-0b0c785075794b744",
            "timeouts": null
          },
          "sensitive_attributes": [],
          "identity_schema_version": 0,
          "identity": {
            "account_id": "459499397931",
            "id": "rtbassoc-0f6ca2ee67b73572e",
            "region": "ap-northeast-2"
          },
          "private": "eyJlMmJmYjczMC1lY2FhLTExZTYtOGY4OC0zNDM2M2JjN2M0YzAiOnsiY3JlYXRlIjozMDAwMDAwMDAwMDAsImRlbGV0ZSI6MzAwMDAwMDAwMDAwLCJ1cGRhdGUiOjEyMDAwMDAwMDAwMH19",
          "dependencies": [
            "aws_route_table.private_a",
            "aws_subnet.db_a",
            "aws_vpc.historynet"
          ]
        }
      ]
    },
    {
      "mode": "managed",
      "type": "aws_route_table_association",
      "name": "db_b",
      "provider": "provider[\"registry.terraform.io/hashicorp/aws\"]",
      "instances": [
        {
          "schema_version": 0,
          "attributes": {
            "gateway_id": "",
            "id": "rtbassoc-020df3d9e7fd63d0c",
            "region": "ap-northeast-2",
            "route_table_id": "rtb-048134f7d2f0e3dc3",
            "subnet_id": "subnet-04901e249ca8f7f36",
            "timeouts": null
          },
          "sensitive_attributes": [],
          "identity_schema_version": 0,
          "identity": {
            "account_id": "459499397931",
            "id": "rtbassoc-020df3d9e7fd63d0c",
            "region": "ap-northeast-2"
          },
          "private": "eyJlMmJmYjczMC1lY2FhLTExZTYtOGY4OC0zNDM2M2JjN2M0YzAiOnsiY3JlYXRlIjozMDAwMDAwMDAwMDAsImRlbGV0ZSI6MzAwMDAwMDAwMDAwLCJ1cGRhdGUiOjEyMDAwMDAwMDAwMH19",
          "dependencies": [
            "aws_route_table.private_b",
            "aws_subnet.db_b",
            "aws_vpc.historynet"
          ]
        }
      ]
    },
    {
      "mode": "managed",
      "type": "aws_route_table_association",
      "name": "public_a",
      "provider": "provider[\"registry.terraform.io/hashicorp/aws\"]",
      "instances": [
        {
          "schema_version": 0,
          "attributes": {
            "gateway_id": "",
            "id": "rtbassoc-03526df1b79b5b77c",
            "region": "ap-northeast-2",
            "route_table_id": "rtb-05d21ae5185fe3d2b",
            "subnet_id": "subnet-066b383fe9da133e1",
            "timeouts": null
          },
          "sensitive_attributes": [],
          "identity_schema_version": 0,
          "identity": {
            "account_id": "459499397931",
            "id": "rtbassoc-03526df1b79b5b77c",
            "region": "ap-northeast-2"
          },
          "private": "eyJlMmJmYjczMC1lY2FhLTExZTYtOGY4OC0zNDM2M2JjN2M0YzAiOnsiY3JlYXRlIjozMDAwMDAwMDAwMDAsImRlbGV0ZSI6MzAwMDAwMDAwMDAwLCJ1cGRhdGUiOjEyMDAwMDAwMDAwMH19",
          "dependencies": [
            "aws_route_table.public",
            "aws_subnet.public_a",
            "aws_vpc.historynet"
          ]
        }
      ]
    },
    {
      "mode": "managed",
      "type": "aws_route_table_association",
      "name": "public_b",
      "provider": "provider[\"registry.terraform.io/hashicorp/aws\"]",
      "instances": [
        {
          "schema_version": 0,
          "attributes": {
            "gateway_id": "",
            "id": "rtbassoc-01a81a54c9739e809",
            "region": "ap-northeast-2",
            "route_table_id": "rtb-05d21ae5185fe3d2b",
            "subnet_id": "subnet-0e81ed5b0fbb03780",
            "timeouts": null
          },
          "sensitive_attributes": [],
          "identity_schema_version": 0,
          "identity": {
            "account_id": "459499397931",
            "id": "rtbassoc-01a81a54c9739e809",
            "region": "ap-northeast-2"
          },
          "private": "eyJlMmJmYjczMC1lY2FhLTExZTYtOGY4OC0zNDM2M2JjN2M0YzAiOnsiY3JlYXRlIjozMDAwMDAwMDAwMDAsImRlbGV0ZSI6MzAwMDAwMDAwMDAwLCJ1cGRhdGUiOjEyMDAwMDAwMDAwMH19",
          "dependencies": [
            "aws_route_table.public",
            "aws_subnet.public_b",
            "aws_vpc.historynet"
          ]
        }
      ]
    },
    {
      "mode": "managed",
      "type": "aws_route_table_association",
      "name": "was_a",
      "provider": "provider[\"registry.terraform.io/hashicorp/aws\"]",
      "instances": [
        {
          "schema_version": 0,
          "attributes": {
            "gateway_id": "",
            "id": "rtbassoc-0769a352af64be687",
            "region": "ap-northeast-2",
            "route_table_id": "rtb-0c6941e9d18e7c271",
            "subnet_id": "subnet-03c1c9a09536c4854",
            "timeouts": null
          },
          "sensitive_attributes": [],
          "identity_schema_version": 0,
          "identity": {
            "account_id": "459499397931",
            "id": "rtbassoc-0769a352af64be687",
            "region": "ap-northeast-2"
          },
          "private": "eyJlMmJmYjczMC1lY2FhLTExZTYtOGY4OC0zNDM2M2JjN2M0YzAiOnsiY3JlYXRlIjozMDAwMDAwMDAwMDAsImRlbGV0ZSI6MzAwMDAwMDAwMDAwLCJ1cGRhdGUiOjEyMDAwMDAwMDAwMH19",
          "dependencies": [
            "aws_route_table.private_a",
            "aws_subnet.was_a",
            "aws_vpc.historynet"
          ]
        }
      ]
    },
    {
      "mode": "managed",
      "type": "aws_route_table_association",
      "name": "was_b",
      "provider": "provider[\"registry.terraform.io/hashicorp/aws\"]",
      "instances": [
        {
          "schema_version": 0,
          "attributes": {
            "gateway_id": "",
            "id": "rtbassoc-0be6aaa3175a58fe2",
            "region": "ap-northeast-2",
            "route_table_id": "rtb-048134f7d2f0e3dc3",
            "subnet_id": "subnet-0d92b35e4e98e1419",
            "timeouts": null
          },
          "sensitive_attributes": [],
          "identity_schema_version": 0,
          "identity": {
            "account_id": "459499397931",
            "id": "rtbassoc-0be6aaa3175a58fe2",
            "region": "ap-northeast-2"
          },
          "private": "eyJlMmJmYjczMC1lY2FhLTExZTYtOGY4OC0zNDM2M2JjN2M0YzAiOnsiY3JlYXRlIjozMDAwMDAwMDAwMDAsImRlbGV0ZSI6MzAwMDAwMDAwMDAwLCJ1cGRhdGUiOjEyMDAwMDAwMDAwMH19",
          "dependencies": [
            "aws_route_table.private_b",
            "aws_subnet.was_b",
            "aws_vpc.historynet"
          ]
        }
      ]
    },
    {
      "mode": "managed",
      "type": "aws_route_table_association",
      "name": "web_a",
      "provider": "provider[\"registry.terraform.io/hashicorp/aws\"]",
      "instances": [
        {
          "schema_version": 0,
          "attributes": {
            "gateway_id": "",
            "id": "rtbassoc-0b2a84da5450665f8",
            "region": "ap-northeast-2",
            "route_table_id": "rtb-0c6941e9d18e7c271",
            "subnet_id": "subnet-05accc3df32d5a9fb",
            "timeouts": null
          },
          "sensitive_attributes": [],
          "identity_schema_version": 0,
          "identity": {
            "account_id": "459499397931",
            "id": "rtbassoc-0b2a84da5450665f8",
            "region": "ap-northeast-2"
          },
          "private": "eyJlMmJmYjczMC1lY2FhLTExZTYtOGY4OC0zNDM2M2JjN2M0YzAiOnsiY3JlYXRlIjozMDAwMDAwMDAwMDAsImRlbGV0ZSI6MzAwMDAwMDAwMDAwLCJ1cGRhdGUiOjEyMDAwMDAwMDAwMH19",
          "dependencies": [
            "aws_route_table.private_a",
            "aws_subnet.web_a",
            "aws_vpc.historynet"
          ]
        }
      ]
    },
    {
      "mode": "managed",
      "type": "aws_route_table_association",
      "name": "web_b",
      "provider": "provider[\"registry.terraform.io/hashicorp/aws\"]",
      "instances": [
        {
          "schema_version": 0,
          "attributes": {
            "gateway_id": "",
            "id": "rtbassoc-06b065391a1f7a4a4",
            "region": "ap-northeast-2",
            "route_table_id": "rtb-048134f7d2f0e3dc3",
            "subnet_id": "subnet-0d394bbbfa8d993fc",
            "timeouts": null
          },
          "sensitive_attributes": [],
          "identity_schema_version": 0,
          "identity": {
            "account_id": "459499397931",
            "id": "rtbassoc-06b065391a1f7a4a4",
            "region": "ap-northeast-2"
          },
          "private": "eyJlMmJmYjczMC1lY2FhLTExZTYtOGY4OC0zNDM2M2JjN2M0YzAiOnsiY3JlYXRlIjozMDAwMDAwMDAwMDAsImRlbGV0ZSI6MzAwMDAwMDAwMDAwLCJ1cGRhdGUiOjEyMDAwMDAwMDAwMH19",
          "dependencies": [
            "aws_route_table.private_b",
            "aws_subnet.web_b",
            "aws_vpc.historynet"
          ]
        }
      ]
    },
    {
      "mode": "managed",
      "type": "aws_security_group",
      "name": "alb_sg",
      "provider": "provider[\"registry.terraform.io/hashicorp/aws\"]",
      "instances": [
        {
          "schema_version": 1,
          "attributes": {
            "arn": "arn:aws:ec2:ap-northeast-2:459499397931:security-group/sg-0d84401cb2750f7bc",
            "description": "ALB security group",
            "egress": [
              {
                "cidr_blocks": [
                  "0.0.0.0/0"
                ],
                "description": "",
                "from_port": 0,
                "ipv6_cidr_blocks": [],
                "prefix_list_ids": [],
                "protocol": "-1",
                "security_groups": [],
                "self": false,
                "to_port": 0
              }
            ],
            "id": "sg-0d84401cb2750f7bc",
            "ingress": [
              {
                "cidr_blocks": [
                  "0.0.0.0/0"
                ],
                "description": "",
                "from_port": 80,
                "ipv6_cidr_blocks": [],
                "prefix_list_ids": [],
                "protocol": "tcp",
                "security_groups": [],
                "self": false,
                "to_port": 80
              }
            ],
            "name": "alb-sg",
            "name_prefix": "",
            "owner_id": "459499397931",
            "region": "ap-northeast-2",
            "revoke_rules_on_delete": false,
            "tags": {
              "Name": "alb-sg"
            },
            "tags_all": {
              "Name": "alb-sg"
            },
            "timeouts": null,
            "vpc_id": "vpc-0bbfcfe814551db58"
          },
          "sensitive_attributes": [],
          "identity_schema_version": 0,
          "identity": {
            "account_id": "459499397931",
            "id": "sg-0d84401cb2750f7bc",
            "region": "ap-northeast-2"
          },
          "private": "eyJlMmJmYjczMC1lY2FhLTExZTYtOGY4OC0zNDM2M2JjN2M0YzAiOnsiY3JlYXRlIjo2MDAwMDAwMDAwMDAsImRlbGV0ZSI6OTAwMDAwMDAwMDAwfSwic2NoZW1hX3ZlcnNpb24iOiIxIn0=",
          "dependencies": [
            "aws_vpc.historynet"
          ]
        }
      ]
    },
    {
      "mode": "managed",
      "type": "aws_security_group",
      "name": "bastion_sg",
      "provider": "provider[\"registry.terraform.io/hashicorp/aws\"]",
      "instances": [
        {
          "schema_version": 1,
          "attributes": {
            "arn": "arn:aws:ec2:ap-northeast-2:459499397931:security-group/sg-065079d2aaf52c82e",
            "description": "Bastion SG: allow SSH and ICMP from anywhere",
            "egress": [
              {
                "cidr_blocks": [
                  "0.0.0.0/0"
                ],
                "description": "All outbound",
                "from_port": 0,
                "ipv6_cidr_blocks": [],
                "prefix_list_ids": [],
                "protocol": "-1",
                "security_groups": [],
                "self": false,
                "to_port": 0
              }
            ],
            "id": "sg-065079d2aaf52c82e",
            "ingress": [
              {
                "cidr_blocks": [
                  "0.0.0.0/0"
                ],
                "description": "ICMP",
                "from_port": -1,
                "ipv6_cidr_blocks": [],
                "prefix_list_ids": [],
                "protocol": "icmp",
                "security_groups": [],
                "self": false,
                "to_port": -1
              },
              {
                "cidr_blocks": [
                  "0.0.0.0/0"
                ],
                "description": "SSH",
                "from_port": 22,
                "ipv6_cidr_blocks": [],
                "prefix_list_ids": [],
                "protocol": "tcp",
                "security_groups": [],
                "self": false,
                "to_port": 22
              }
            ],
            "name": "bastion-sg",
            "name_prefix": "",
            "owner_id": "459499397931",
            "region": "ap-northeast-2",
            "revoke_rules_on_delete": false,
            "tags": {
              "Name": "bastion-sg"
            },
            "tags_all": {
              "Name": "bastion-sg"
            },
            "timeouts": null,
            "vpc_id": "vpc-0bbfcfe814551db58"
          },
          "sensitive_attributes": [],
          "identity_schema_version": 0,
          "identity": {
            "account_id": "459499397931",
            "id": "sg-065079d2aaf52c82e",
            "region": "ap-northeast-2"
          },
          "private": "eyJlMmJmYjczMC1lY2FhLTExZTYtOGY4OC0zNDM2M2JjN2M0YzAiOnsiY3JlYXRlIjo2MDAwMDAwMDAwMDAsImRlbGV0ZSI6OTAwMDAwMDAwMDAwfSwic2NoZW1hX3ZlcnNpb24iOiIxIn0=",
          "dependencies": [
            "aws_vpc.historynet"
          ]
        }
      ]
    },
    {
      "mode": "managed",
      "type": "aws_security_group",
      "name": "mysql_sg",
      "provider": "provider[\"registry.terraform.io/hashicorp/aws\"]",
      "instances": [
        {
          "schema_version": 1,
          "attributes": {
            "arn": "arn:aws:ec2:ap-northeast-2:459499397931:security-group/sg-095369edcfc99c06b",
            "description": "MySQL SG: allow TCP 3306 from anywhere",
            "egress": [
              {
                "cidr_blocks": [
                  "0.0.0.0/0"
                ],
                "description": "All outbound",
                "from_port": 0,
                "ipv6_cidr_blocks": [],
                "prefix_list_ids": [],
                "protocol": "-1",
                "security_groups": [],
                "self": false,
                "to_port": 0
              }
            ],
            "id": "sg-095369edcfc99c06b",
            "ingress": [
              {
                "cidr_blocks": [
                  "0.0.0.0/0"
                ],
                "description": "MySQL",
                "from_port": 3306,
                "ipv6_cidr_blocks": [],
                "prefix_list_ids": [],
                "protocol": "tcp",
                "security_groups": [],
                "self": false,
                "to_port": 3306
              }
            ],
            "name": "mysql-sg",
            "name_prefix": "",
            "owner_id": "459499397931",
            "region": "ap-northeast-2",
            "revoke_rules_on_delete": false,
            "tags": {
              "Name": "mysql-sg"
            },
            "tags_all": {
              "Name": "mysql-sg"
            },
            "timeouts": null,
            "vpc_id": "vpc-0bbfcfe814551db58"
          },
          "sensitive_attributes": [],
          "identity_schema_version": 0,
          "identity": {
            "account_id": "459499397931",
            "id": "sg-095369edcfc99c06b",
            "region": "ap-northeast-2"
          },
          "private": "eyJlMmJmYjczMC1lY2FhLTExZTYtOGY4OC0zNDM2M2JjN2M0YzAiOnsiY3JlYXRlIjo2MDAwMDAwMDAwMDAsImRlbGV0ZSI6OTAwMDAwMDAwMDAwfSwic2NoZW1hX3ZlcnNpb24iOiIxIn0=",
          "dependencies": [
            "aws_vpc.historynet"
          ]
        }
      ]
    },
    {
      "mode": "managed",
      "type": "aws_security_group",
      "name": "redis_sg",
      "provider": "provider[\"registry.terraform.io/hashicorp/aws\"]",
      "instances": [
        {
          "schema_version": 1,
          "attributes": {
            "arn": "arn:aws:ec2:ap-northeast-2:459499397931:security-group/sg-08ed384064a7d6b64",
            "description": "Redis SG: allow TCP 6379 from anywhere",
            "egress": [
              {
                "cidr_blocks": [
                  "0.0.0.0/0"
                ],
                "description": "All outbound",
                "from_port": 0,
                "ipv6_cidr_blocks": [],
                "prefix_list_ids": [],
                "protocol": "-1",
                "security_groups": [],
                "self": false,
                "to_port": 0
              }
            ],
            "id": "sg-08ed384064a7d6b64",
            "ingress": [
              {
                "cidr_blocks": [
                  "0.0.0.0/0"
                ],
                "description": "Redis TCP 6379",
                "from_port": 6379,
                "ipv6_cidr_blocks": [],
                "prefix_list_ids": [],
                "protocol": "tcp",
                "security_groups": [],
                "self": false,
                "to_port": 6379
              }
            ],
            "name": "redis-sg",
            "name_prefix": "",
            "owner_id": "459499397931",
            "region": "ap-northeast-2",
            "revoke_rules_on_delete": false,
            "tags": {
              "Name": "redis-sg"
            },
            "tags_all": {
              "Name": "redis-sg"
            },
            "timeouts": null,
            "vpc_id": "vpc-0bbfcfe814551db58"
          },
          "sensitive_attributes": [],
          "identity_schema_version": 0,
          "identity": {
            "account_id": "459499397931",
            "id": "sg-08ed384064a7d6b64",
            "region": "ap-northeast-2"
          },
          "private": "eyJlMmJmYjczMC1lY2FhLTExZTYtOGY4OC0zNDM2M2JjN2M0YzAiOnsiY3JlYXRlIjo2MDAwMDAwMDAwMDAsImRlbGV0ZSI6OTAwMDAwMDAwMDAwfSwic2NoZW1hX3ZlcnNpb24iOiIxIn0=",
          "dependencies": [
            "aws_vpc.historynet"
          ]
        }
      ]
    },
    {
      "mode": "managed",
      "type": "aws_security_group",
      "name": "was_sg",
      "provider": "provider[\"registry.terraform.io/hashicorp/aws\"]",
      "instances": [
        {
          "schema_version": 1,
          "attributes": {
            "arn": "arn:aws:ec2:ap-northeast-2:459499397931:security-group/sg-05c7a69cb4b0e1112",
            "description": "WAS SG: allow TCP/5000, SSH, ICMP from anywhere",
            "egress": [
              {
                "cidr_blocks": [
                  "0.0.0.0/0"
                ],
                "description": "All outbound",
                "from_port": 0,
                "ipv6_cidr_blocks": [],
                "prefix_list_ids": [],
                "protocol": "-1",
                "security_groups": [],
                "self": false,
                "to_port": 0
              }
            ],
            "id": "sg-05c7a69cb4b0e1112",
            "ingress": [
              {
                "cidr_blocks": [
                  "0.0.0.0/0"
                ],
                "description": "App TCP 5000",
                "from_port": 5000,
                "ipv6_cidr_blocks": [],
                "prefix_list_ids": [],
                "protocol": "tcp",
                "security_groups": [],
                "self": false,
                "to_port": 5000
              },
              {
                "cidr_blocks": [
                  "0.0.0.0/0"
                ],
                "description": "ICMP",
                "from_port": -1,
                "ipv6_cidr_blocks": [],
                "prefix_list_ids": [],
                "protocol": "icmp",
                "security_groups": [],
                "self": false,
                "to_port": -1
              },
              {
                "cidr_blocks": [
                  "0.0.0.0/0"
                ],
                "description": "SSH",
                "from_port": 22,
                "ipv6_cidr_blocks": [],
                "prefix_list_ids": [],
                "protocol": "tcp",
                "security_groups": [],
                "self": false,
                "to_port": 22
              }
            ],
            "name": "was-sg",
            "name_prefix": "",
            "owner_id": "459499397931",
            "region": "ap-northeast-2",
            "revoke_rules_on_delete": false,
            "tags": {
              "Name": "was-sg"
            },
            "tags_all": {
              "Name": "was-sg"
            },
            "timeouts": null,
            "vpc_id": "vpc-0bbfcfe814551db58"
          },
          "sensitive_attributes": [],
          "identity_schema_version": 0,
          "identity": {
            "account_id": "459499397931",
            "id": "sg-05c7a69cb4b0e1112",
            "region": "ap-northeast-2"
          },
          "private": "eyJlMmJmYjczMC1lY2FhLTExZTYtOGY4OC0zNDM2M2JjN2M0YzAiOnsiY3JlYXRlIjo2MDAwMDAwMDAwMDAsImRlbGV0ZSI6OTAwMDAwMDAwMDAwfSwic2NoZW1hX3ZlcnNpb24iOiIxIn0=",
          "dependencies": [
            "aws_vpc.historynet"
          ]
        }
      ]
    },
    {
      "mode": "managed",
      "type": "aws_security_group",
      "name": "web_lg_sg",
      "provider": "provider[\"registry.terraform.io/hashicorp/aws\"]",
      "instances": [
        {
          "schema_version": 1,
          "attributes": {
            "arn": "arn:aws:ec2:ap-northeast-2:459499397931:security-group/sg-0ef0e447a9d4c93e2",
            "description": "Web Load Gateway SG: allow HTTP and HTTPS from anywhere",
            "egress": [
              {
                "cidr_blocks": [
                  "0.0.0.0/0"
                ],
                "description": "All outbound",
                "from_port": 0,
                "ipv6_cidr_blocks": [],
                "prefix_list_ids": [],
                "protocol": "-1",
                "security_groups": [],
                "self": false,
                "to_port": 0
              }
            ],
            "id": "sg-0ef0e447a9d4c93e2",
            "ingress": [
              {
                "cidr_blocks": [
                  "0.0.0.0/0"
                ],
                "description": "HTTP",
                "from_port": 80,
                "ipv6_cidr_blocks": [],
                "prefix_list_ids": [],
                "protocol": "tcp",
                "security_groups": [],
                "self": false,
                "to_port": 80
              },
              {
                "cidr_blocks": [
                  "0.0.0.0/0"
                ],
                "description": "HTTPS",
                "from_port": 443,
                "ipv6_cidr_blocks": [],
                "prefix_list_ids": [],
                "protocol": "tcp",
                "security_groups": [],
                "self": false,
                "to_port": 443
              }
            ],
            "name": "web-lg-sg",
            "name_prefix": "",
            "owner_id": "459499397931",
            "region": "ap-northeast-2",
            "revoke_rules_on_delete": false,
            "tags": {
              "Name": "web-lg-sg"
            },
            "tags_all": {
              "Name": "web-lg-sg"
            },
            "timeouts": null,
            "vpc_id": "vpc-0bbfcfe814551db58"
          },
          "sensitive_attributes": [],
          "identity_schema_version": 0,
          "identity": {
            "account_id": "459499397931",
            "id": "sg-0ef0e447a9d4c93e2",
            "region": "ap-northeast-2"
          },
          "private": "eyJlMmJmYjczMC1lY2FhLTExZTYtOGY4OC0zNDM2M2JjN2M0YzAiOnsiY3JlYXRlIjo2MDAwMDAwMDAwMDAsImRlbGV0ZSI6OTAwMDAwMDAwMDAwfSwic2NoZW1hX3ZlcnNpb24iOiIxIn0=",
          "dependencies": [
            "aws_vpc.historynet"
          ]
        }
      ]
    },
    {
      "mode": "managed",
      "type": "aws_security_group",
      "name": "web_sg",
      "provider": "provider[\"registry.terraform.io/hashicorp/aws\"]",
      "instances": [
        {
          "schema_version": 1,
          "attributes": {
            "arn": "arn:aws:ec2:ap-northeast-2:459499397931:security-group/sg-0f9dbba79d40b70e5",
            "description": "Web SG: allow HTTP/SSH/ICMP from anywhere",
            "egress": [
              {
                "cidr_blocks": [
                  "0.0.0.0/0"
                ],
                "description": "All outbound",
                "from_port": 0,
                "ipv6_cidr_blocks": [],
                "prefix_list_ids": [],
                "protocol": "-1",
                "security_groups": [],
                "self": false,
                "to_port": 0
              }
            ],
            "id": "sg-0f9dbba79d40b70e5",
            "ingress": [
              {
                "cidr_blocks": [
                  "0.0.0.0/0"
                ],
                "description": "HTTP",
                "from_port": 80,
                "ipv6_cidr_blocks": [],
                "prefix_list_ids": [],
                "protocol": "tcp",
                "security_groups": [],
                "self": false,
                "to_port": 80
              },
              {
                "cidr_blocks": [
                  "0.0.0.0/0"
                ],
                "description": "ICMP",
                "from_port": -1,
                "ipv6_cidr_blocks": [],
                "prefix_list_ids": [],
                "protocol": "icmp",
                "security_groups": [],
                "self": false,
                "to_port": -1
              },
              {
                "cidr_blocks": [
                  "0.0.0.0/0"
                ],
                "description": "SSH",
                "from_port": 22,
                "ipv6_cidr_blocks": [],
                "prefix_list_ids": [],
                "protocol": "tcp",
                "security_groups": [],
                "self": false,
                "to_port": 22
              }
            ],
            "name": "web-sg",
            "name_prefix": "",
            "owner_id": "459499397931",
            "region": "ap-northeast-2",
            "revoke_rules_on_delete": false,
            "tags": {
              "Name": "web-sg"
            },
            "tags_all": {
              "Name": "web-sg"
            },
            "timeouts": null,
            "vpc_id": "vpc-0bbfcfe814551db58"
          },
          "sensitive_attributes": [],
          "identity_schema_version": 0,
          "identity": {
            "account_id": "459499397931",
            "id": "sg-0f9dbba79d40b70e5",
            "region": "ap-northeast-2"
          },
          "private": "eyJlMmJmYjczMC1lY2FhLTExZTYtOGY4OC0zNDM2M2JjN2M0YzAiOnsiY3JlYXRlIjo2MDAwMDAwMDAwMDAsImRlbGV0ZSI6OTAwMDAwMDAwMDAwfSwic2NoZW1hX3ZlcnNpb24iOiIxIn0=",
          "dependencies": [
            "aws_vpc.historynet"
          ]
        }
      ]
    },
    {
      "mode": "managed",
      "type": "aws_subnet",
      "name": "db_a",
      "provider": "provider[\"registry.terraform.io/hashicorp/aws\"]",
      "instances": [
        {
          "schema_version": 1,
          "attributes": {
            "arn": "arn:aws:ec2:ap-northeast-2:459499397931:subnet/subnet-0b0c785075794b744",
            "assign_ipv6_address_on_creation": false,
            "availability_zone": "ap-northeast-2a",
            "availability_zone_id": "apne2-az1",
            "cidr_block": "10.0.30.0/24",
            "customer_owned_ipv4_pool": "",
            "enable_dns64": false,
            "enable_lni_at_device_index": 0,
            "enable_resource_name_dns_a_record_on_launch": false,
            "enable_resource_name_dns_aaaa_record_on_launch": false,
            "id": "subnet-0b0c785075794b744",
            "ipv4_ipam_pool_id": null,
            "ipv4_netmask_length": null,
            "ipv6_cidr_block": "",
            "ipv6_cidr_block_association_id": "",
            "ipv6_ipam_pool_id": null,
            "ipv6_native": false,
            "ipv6_netmask_length": null,
            "map_customer_owned_ip_on_launch": false,
            "map_public_ip_on_launch": false,
            "outpost_arn": "",
            "owner_id": "459499397931",
            "private_dns_hostname_type_on_launch": "ip-name",
            "region": "ap-northeast-2",
            "tags": {
              "Managed": "terraform",
              "Name": "db-a",
              "Project": "historynet",
              "Tier": "private"
            },
            "tags_all": {
              "Managed": "terraform",
              "Name": "db-a",
              "Project": "historynet",
              "Tier": "private"
            },
            "timeouts": null,
            "vpc_id": "vpc-0bbfcfe814551db58"
          },
          "sensitive_attributes": [],
          "identity_schema_version": 0,
          "identity": {
            "account_id": "459499397931",
            "id": "subnet-0b0c785075794b744",
            "region": "ap-northeast-2"
          },
          "private": "eyJlMmJmYjczMC1lY2FhLTExZTYtOGY4OC0zNDM2M2JjN2M0YzAiOnsiY3JlYXRlIjo2MDAwMDAwMDAwMDAsImRlbGV0ZSI6MTIwMDAwMDAwMDAwMH0sInNjaGVtYV92ZXJzaW9uIjoiMSJ9",
          "dependencies": [
            "aws_vpc.historynet"
          ]
        }
      ]
    },
    {
      "mode": "managed",
      "type": "aws_subnet",
      "name": "db_b",
      "provider": "provider[\"registry.terraform.io/hashicorp/aws\"]",
      "instances": [
        {
          "schema_version": 1,
          "attributes": {
            "arn": "arn:aws:ec2:ap-northeast-2:459499397931:subnet/subnet-04901e249ca8f7f36",
            "assign_ipv6_address_on_creation": false,
            "availability_zone": "ap-northeast-2c",
            "availability_zone_id": "apne2-az3",
            "cidr_block": "10.0.31.0/24",
            "customer_owned_ipv4_pool": "",
            "enable_dns64": false,
            "enable_lni_at_device_index": 0,
            "enable_resource_name_dns_a_record_on_launch": false,
            "enable_resource_name_dns_aaaa_record_on_launch": false,
            "id": "subnet-04901e249ca8f7f36",
            "ipv4_ipam_pool_id": null,
            "ipv4_netmask_length": null,
            "ipv6_cidr_block": "",
            "ipv6_cidr_block_association_id": "",
            "ipv6_ipam_pool_id": null,
            "ipv6_native": false,
            "ipv6_netmask_length": null,
            "map_customer_owned_ip_on_launch": false,
            "map_public_ip_on_launch": false,
            "outpost_arn": "",
            "owner_id": "459499397931",
            "private_dns_hostname_type_on_launch": "ip-name",
            "region": "ap-northeast-2",
            "tags": {
              "Managed": "terraform",
              "Name": "db-b",
              "Project": "historynet",
              "Tier": "private"
            },
            "tags_all": {
              "Managed": "terraform",
              "Name": "db-b",
              "Project": "historynet",
              "Tier": "private"
            },
            "timeouts": null,
            "vpc_id": "vpc-0bbfcfe814551db58"
          },
          "sensitive_attributes": [],
          "identity_schema_version": 0,
          "identity": {
            "account_id": "459499397931",
            "id": "subnet-04901e249ca8f7f36",
            "region": "ap-northeast-2"
          },
          "private": "eyJlMmJmYjczMC1lY2FhLTExZTYtOGY4OC0zNDM2M2JjN2M0YzAiOnsiY3JlYXRlIjo2MDAwMDAwMDAwMDAsImRlbGV0ZSI6MTIwMDAwMDAwMDAwMH0sInNjaGVtYV92ZXJzaW9uIjoiMSJ9",
          "dependencies": [
            "aws_vpc.historynet"
          ]
        }
      ]
    },
    {
      "mode": "managed",
      "type": "aws_subnet",
      "name": "public_a",
      "provider": "provider[\"registry.terraform.io/hashicorp/aws\"]",
      "instances": [
        {
          "schema_version": 1,
          "attributes": {
            "arn": "arn:aws:ec2:ap-northeast-2:459499397931:subnet/subnet-066b383fe9da133e1",
            "assign_ipv6_address_on_creation": false,
            "availability_zone": "ap-northeast-2a",
            "availability_zone_id": "apne2-az1",
            "cidr_block": "10.0.0.0/24",
            "customer_owned_ipv4_pool": "",
            "enable_dns64": false,
            "enable_lni_at_device_index": 0,
            "enable_resource_name_dns_a_record_on_launch": false,
            "enable_resource_name_dns_aaaa_record_on_launch": false,
            "id": "subnet-066b383fe9da133e1",
            "ipv4_ipam_pool_id": null,
            "ipv4_netmask_length": null,
            "ipv6_cidr_block": "",
            "ipv6_cidr_block_association_id": "",
            "ipv6_ipam_pool_id": null,
            "ipv6_native": false,
            "ipv6_netmask_length": null,
            "map_customer_owned_ip_on_launch": false,
            "map_public_ip_on_launch": true,
            "outpost_arn": "",
            "owner_id": "459499397931",
            "private_dns_hostname_type_on_launch": "ip-name",
            "region": "ap-northeast-2",
            "tags": {
              "Managed": "terraform",
              "Name": "public subnet-a",
              "Project": "historynet",
              "Tier": "public"
            },
            "tags_all": {
              "Managed": "terraform",
              "Name": "public subnet-a",
              "Project": "historynet",
              "Tier": "public"
            },
            "timeouts": null,
            "vpc_id": "vpc-0bbfcfe814551db58"
          },
          "sensitive_attributes": [],
          "identity_schema_version": 0,
          "identity": {
            "account_id": "459499397931",
            "id": "subnet-066b383fe9da133e1",
            "region": "ap-northeast-2"
          },
          "private": "eyJlMmJmYjczMC1lY2FhLTExZTYtOGY4OC0zNDM2M2JjN2M0YzAiOnsiY3JlYXRlIjo2MDAwMDAwMDAwMDAsImRlbGV0ZSI6MTIwMDAwMDAwMDAwMH0sInNjaGVtYV92ZXJzaW9uIjoiMSJ9",
          "dependencies": [
            "aws_vpc.historynet"
          ]
        }
      ]
    },
    {
      "mode": "managed",
      "type": "aws_subnet",
      "name": "public_b",
      "provider": "provider[\"registry.terraform.io/hashicorp/aws\"]",
      "instances": [
        {
          "schema_version": 1,
          "attributes": {
            "arn": "arn:aws:ec2:ap-northeast-2:459499397931:subnet/subnet-0e81ed5b0fbb03780",
            "assign_ipv6_address_on_creation": false,
            "availability_zone": "ap-northeast-2c",
            "availability_zone_id": "apne2-az3",
            "cidr_block": "10.0.1.0/24",
            "customer_owned_ipv4_pool": "",
            "enable_dns64": false,
            "enable_lni_at_device_index": 0,
            "enable_resource_name_dns_a_record_on_launch": false,
            "enable_resource_name_dns_aaaa_record_on_launch": false,
            "id": "subnet-0e81ed5b0fbb03780",
            "ipv4_ipam_pool_id": null,
            "ipv4_netmask_length": null,
            "ipv6_cidr_block": "",
            "ipv6_cidr_block_association_id": "",
            "ipv6_ipam_pool_id": null,
            "ipv6_native": false,
            "ipv6_netmask_length": null,
            "map_customer_owned_ip_on_launch": false,
            "map_public_ip_on_launch": true,
            "outpost_arn": "",
            "owner_id": "459499397931",
            "private_dns_hostname_type_on_launch": "ip-name",
            "region": "ap-northeast-2",
            "tags": {
              "Managed": "terraform",
              "Name": "public subnet-b",
              "Project": "historynet",
              "Tier": "public"
            },
            "tags_all": {
              "Managed": "terraform",
              "Name": "public subnet-b",
              "Project": "historynet",
              "Tier": "public"
            },
            "timeouts": null,
            "vpc_id": "vpc-0bbfcfe814551db58"
          },
          "sensitive_attributes": [],
          "identity_schema_version": 0,
          "identity": {
            "account_id": "459499397931",
            "id": "subnet-0e81ed5b0fbb03780",
            "region": "ap-northeast-2"
          },
          "private": "eyJlMmJmYjczMC1lY2FhLTExZTYtOGY4OC0zNDM2M2JjN2M0YzAiOnsiY3JlYXRlIjo2MDAwMDAwMDAwMDAsImRlbGV0ZSI6MTIwMDAwMDAwMDAwMH0sInNjaGVtYV92ZXJzaW9uIjoiMSJ9",
          "dependencies": [
            "aws_vpc.historynet"
          ]
        }
      ]
    },
    {
      "mode": "managed",
      "type": "aws_subnet",
      "name": "was_a",
      "provider": "provider[\"registry.terraform.io/hashicorp/aws\"]",
      "instances": [
        {
          "schema_version": 1,
          "attributes": {
            "arn": "arn:aws:ec2:ap-northeast-2:459499397931:subnet/subnet-03c1c9a09536c4854",
            "assign_ipv6_address_on_creation": false,
            "availability_zone": "ap-northeast-2a",
            "availability_zone_id": "apne2-az1",
            "cidr_block": "10.0.20.0/24",
            "customer_owned_ipv4_pool": "",
            "enable_dns64": false,
            "enable_lni_at_device_index": 0,
            "enable_resource_name_dns_a_record_on_launch": false,
            "enable_resource_name_dns_aaaa_record_on_launch": false,
            "id": "subnet-03c1c9a09536c4854",
            "ipv4_ipam_pool_id": null,
            "ipv4_netmask_length": null,
            "ipv6_cidr_block": "",
            "ipv6_cidr_block_association_id": "",
            "ipv6_ipam_pool_id": null,
            "ipv6_native": false,
            "ipv6_netmask_length": null,
            "map_customer_owned_ip_on_launch": false,
            "map_public_ip_on_launch": false,
            "outpost_arn": "",
            "owner_id": "459499397931",
            "private_dns_hostname_type_on_launch": "ip-name",
            "region": "ap-northeast-2",
            "tags": {
              "Managed": "terraform",
              "Name": "was-a",
              "Project": "historynet",
              "Tier": "private"
            },
            "tags_all": {
              "Managed": "terraform",
              "Name": "was-a",
              "Project": "historynet",
              "Tier": "private"
            },
            "timeouts": null,
            "vpc_id": "vpc-0bbfcfe814551db58"
          },
          "sensitive_attributes": [],
          "identity_schema_version": 0,
          "identity": {
            "account_id": "459499397931",
            "id": "subnet-03c1c9a09536c4854",
            "region": "ap-northeast-2"
          },
          "private": "eyJlMmJmYjczMC1lY2FhLTExZTYtOGY4OC0zNDM2M2JjN2M0YzAiOnsiY3JlYXRlIjo2MDAwMDAwMDAwMDAsImRlbGV0ZSI6MTIwMDAwMDAwMDAwMH0sInNjaGVtYV92ZXJzaW9uIjoiMSJ9",
          "dependencies": [
            "aws_vpc.historynet"
          ]
        }
      ]
    },
    {
      "mode": "managed",
      "type": "aws_subnet",
      "name": "was_b",
      "provider": "provider[\"registry.terraform.io/hashicorp/aws\"]",
      "instances": [
        {
          "schema_version": 1,
          "attributes": {
            "arn": "arn:aws:ec2:ap-northeast-2:459499397931:subnet/subnet-0d92b35e4e98e1419",
            "assign_ipv6_address_on_creation": false,
            "availability_zone": "ap-northeast-2c",
            "availability_zone_id": "apne2-az3",
            "cidr_block": "10.0.21.0/24",
            "customer_owned_ipv4_pool": "",
            "enable_dns64": false,
            "enable_lni_at_device_index": 0,
            "enable_resource_name_dns_a_record_on_launch": false,
            "enable_resource_name_dns_aaaa_record_on_launch": false,
            "id": "subnet-0d92b35e4e98e1419",
            "ipv4_ipam_pool_id": null,
            "ipv4_netmask_length": null,
            "ipv6_cidr_block": "",
            "ipv6_cidr_block_association_id": "",
            "ipv6_ipam_pool_id": null,
            "ipv6_native": false,
            "ipv6_netmask_length": null,
            "map_customer_owned_ip_on_launch": false,
            "map_public_ip_on_launch": false,
            "outpost_arn": "",
            "owner_id": "459499397931",
            "private_dns_hostname_type_on_launch": "ip-name",
            "region": "ap-northeast-2",
            "tags": {
              "Managed": "terraform",
              "Name": "was-b",
              "Project": "historynet",
              "Tier": "private"
            },
            "tags_all": {
              "Managed": "terraform",
              "Name": "was-b",
              "Project": "historynet",
              "Tier": "private"
            },
            "timeouts": null,
            "vpc_id": "vpc-0bbfcfe814551db58"
          },
          "sensitive_attributes": [],
          "identity_schema_version": 0,
          "identity": {
            "account_id": "459499397931",
            "id": "subnet-0d92b35e4e98e1419",
            "region": "ap-northeast-2"
          },
          "private": "eyJlMmJmYjczMC1lY2FhLTExZTYtOGY4OC0zNDM2M2JjN2M0YzAiOnsiY3JlYXRlIjo2MDAwMDAwMDAwMDAsImRlbGV0ZSI6MTIwMDAwMDAwMDAwMH0sInNjaGVtYV92ZXJzaW9uIjoiMSJ9",
          "dependencies": [
            "aws_vpc.historynet"
          ]
        }
      ]
    },
    {
      "mode": "managed",
      "type": "aws_subnet",
      "name": "web_a",
      "provider": "provider[\"registry.terraform.io/hashicorp/aws\"]",
      "instances": [
        {
          "schema_version": 1,
          "attributes": {
            "arn": "arn:aws:ec2:ap-northeast-2:459499397931:subnet/subnet-05accc3df32d5a9fb",
            "assign_ipv6_address_on_creation": false,
            "availability_zone": "ap-northeast-2a",
            "availability_zone_id": "apne2-az1",
            "cidr_block": "10.0.10.0/24",
            "customer_owned_ipv4_pool": "",
            "enable_dns64": false,
            "enable_lni_at_device_index": 0,
            "enable_resource_name_dns_a_record_on_launch": false,
            "enable_resource_name_dns_aaaa_record_on_launch": false,
            "id": "subnet-05accc3df32d5a9fb",
            "ipv4_ipam_pool_id": null,
            "ipv4_netmask_length": null,
            "ipv6_cidr_block": "",
            "ipv6_cidr_block_association_id": "",
            "ipv6_ipam_pool_id": null,
            "ipv6_native": false,
            "ipv6_netmask_length": null,
            "map_customer_owned_ip_on_launch": false,
            "map_public_ip_on_launch": false,
            "outpost_arn": "",
            "owner_id": "459499397931",
            "private_dns_hostname_type_on_launch": "ip-name",
            "region": "ap-northeast-2",
            "tags": {
              "Managed": "terraform",
              "Name": "web-a",
              "Project": "historynet",
              "Tier": "private"
            },
            "tags_all": {
              "Managed": "terraform",
              "Name": "web-a",
              "Project": "historynet",
              "Tier": "private"
            },
            "timeouts": null,
            "vpc_id": "vpc-0bbfcfe814551db58"
          },
          "sensitive_attributes": [],
          "identity_schema_version": 0,
          "identity": {
            "account_id": "459499397931",
            "id": "subnet-05accc3df32d5a9fb",
            "region": "ap-northeast-2"
          },
          "private": "eyJlMmJmYjczMC1lY2FhLTExZTYtOGY4OC0zNDM2M2JjN2M0YzAiOnsiY3JlYXRlIjo2MDAwMDAwMDAwMDAsImRlbGV0ZSI6MTIwMDAwMDAwMDAwMH0sInNjaGVtYV92ZXJzaW9uIjoiMSJ9",
          "dependencies": [
            "aws_vpc.historynet"
          ]
        }
      ]
    },
    {
      "mode": "managed",
      "type": "aws_subnet",
      "name": "web_b",
      "provider": "provider[\"registry.terraform.io/hashicorp/aws\"]",
      "instances": [
        {
          "schema_version": 1,
          "attributes": {
            "arn": "arn:aws:ec2:ap-northeast-2:459499397931:subnet/subnet-0d394bbbfa8d993fc",
            "assign_ipv6_address_on_creation": false,
            "availability_zone": "ap-northeast-2c",
            "availability_zone_id": "apne2-az3",
            "cidr_block": "10.0.11.0/24",
            "customer_owned_ipv4_pool": "",
            "enable_dns64": false,
            "enable_lni_at_device_index": 0,
            "enable_resource_name_dns_a_record_on_launch": false,
            "enable_resource_name_dns_aaaa_record_on_launch": false,
            "id": "subnet-0d394bbbfa8d993fc",
            "ipv4_ipam_pool_id": null,
            "ipv4_netmask_length": null,
            "ipv6_cidr_block": "",
            "ipv6_cidr_block_association_id": "",
            "ipv6_ipam_pool_id": null,
            "ipv6_native": false,
            "ipv6_netmask_length": null,
            "map_customer_owned_ip_on_launch": false,
            "map_public_ip_on_launch": false,
            "outpost_arn": "",
            "owner_id": "459499397931",
            "private_dns_hostname_type_on_launch": "ip-name",
            "region": "ap-northeast-2",
            "tags": {
              "Managed": "terraform",
              "Name": "web-b",
              "Project": "historynet",
              "Tier": "private"
            },
            "tags_all": {
              "Managed": "terraform",
              "Name": "web-b",
              "Project": "historynet",
              "Tier": "private"
            },
            "timeouts": null,
            "vpc_id": "vpc-0bbfcfe814551db58"
          },
          "sensitive_attributes": [],
          "identity_schema_version": 0,
          "identity": {
            "account_id": "459499397931",
            "id": "subnet-0d394bbbfa8d993fc",
            "region": "ap-northeast-2"
          },
          "private": "eyJlMmJmYjczMC1lY2FhLTExZTYtOGY4OC0zNDM2M2JjN2M0YzAiOnsiY3JlYXRlIjo2MDAwMDAwMDAwMDAsImRlbGV0ZSI6MTIwMDAwMDAwMDAwMH0sInNjaGVtYV92ZXJzaW9uIjoiMSJ9",
          "dependencies": [
            "aws_vpc.historynet"
          ]
        }
      ]
    },
    {
      "mode": "managed",
      "type": "aws_vpc",
      "name": "historynet",
      "provider": "provider[\"registry.terraform.io/hashicorp/aws\"]",
      "instances": [
        {
          "schema_version": 1,
          "attributes": {
            "arn": "arn:aws:ec2:ap-northeast-2:459499397931:vpc/vpc-0bbfcfe814551db58",
            "assign_generated_ipv6_cidr_block": false,
            "cidr_block": "10.0.0.0/16",
            "default_network_acl_id": "acl-02f4a6e25bf5bd3cb",
            "default_route_table_id": "rtb-09d3b79799a220ed6",
            "default_security_group_id": "sg-085b2c47876b3358b",
            "dhcp_options_id": "dopt-0b94fa406c7e96164",
            "enable_dns_hostnames": true,
            "enable_dns_support": true,
            "enable_network_address_usage_metrics": false,
            "id": "vpc-0bbfcfe814551db58",
            "instance_tenancy": "default",
            "ipv4_ipam_pool_id": null,
            "ipv4_netmask_length": null,
            "ipv6_association_id": "",
            "ipv6_cidr_block": "",
            "ipv6_cidr_block_network_border_group": "",
            "ipv6_ipam_pool_id": "",
            "ipv6_netmask_length": 0,
            "main_route_table_id": "rtb-09d3b79799a220ed6",
            "owner_id": "459499397931",
            "region": "ap-northeast-2",
            "tags": {
              "Managed": "terraform",
              "Name": "historynet",
              "Project": "historynet"
            },
            "tags_all": {
              "Managed": "terraform",
              "Name": "historynet",
              "Project": "historynet"
            }
          },
          "sensitive_attributes": [],
          "identity_schema_version": 0,
          "identity": {
            "account_id": "459499397931",
            "id": "vpc-0bbfcfe814551db58",
            "region": "ap-northeast-2"
          },
          "private": "eyJzY2hlbWFfdmVyc2lvbiI6IjEifQ=="
        }
      ]
    },
    {
      "mode": "managed",
      "type": "local_file",
      "name": "private_key_pem",
      "provider": "provider[\"registry.terraform.io/hashicorp/local\"]",
      "instances": [
        {
          "schema_version": 0,
          "attributes": {
            "content": "-----BEGIN RSA PRIVATE KEY-----\nMIIJKgIBAAKCAgEAqT54gYnsZhyjvkrG0s4Wt8Le46z+77NXWiOEsxiEYonRfVPS\nBo/ap+yJnqdDf8LmJmHerpawJ3Aykf1/ewu8W1Cfm89EkeRuTBcfUXCyKBpHw+ha\n12mcsizxT3eewhvaVTfdwZTL81dHC1bevDtoVpIH2lE8dUsO9OqJ206YMZ9xR813\nP2Rjs1nksnBKfBrlN7vQKc+cXMrQsB7M7Qwf7P2NcsVmXl1RBvw97IyuV7PNBu1v\nerBPPVe0hY2KwYt0abjsaBQJIUnb346y91VvM1JhTcL3XOtMAFhUfHpzOQb3NaRt\n3iCJ/pz+XW80zhktLPtM83WGreWjppbUC6T7ADt3mlr5RU82gioeY0xhZYWusd7c\nKSFr7yIUa8eISApUopDLy/1P3s3a7Qjv59grRTQAUtpDRvFQFpYe2pwu5MRRRYVb\nSOyX1Y6OLXqGzbUJFMPmUWpx0hv85payIcoZ/UNkeZs+5EZ9O1BQdW8V71GCnACI\nECzmi1rTfPyAX5KF79VjyxDl0dWm+uQvW2AKH7420brwJEfymvKRwDLgJl90AM+W\n+iDviLVdcjnC5jM3stDOT4oD8FRhmo/WmKonGaiQTY4ecnMz+1tjok4WAgvoexUV\nb8opi85hovRcSrDyJDu9EPDaXVnEtszZbGqHn39Zio7/4Uf9tsMOdP8qA80CAwEA\nAQKCAgAqQ414W+cLAO/rH2VTU1/c9+8NUDBBz7lqqyACUYcNzHjiIUJ7nQTvlmQv\nmHmEuDkdMKeZVcwbrSsTxghFxAJ/kzyofjQTcsYQfl21yrzSwu1VAPtee+NDo3GH\ndMnSk34Mde0M4Iml9Q+qx0DMJNHDfKg1XsAIUnwjsUZH2/KpwbVaRvcWf41eRn6U\nCPKw106SgnZTWqMjkQpYUPi/4Z0/Y3olRSJxQkBvzCHyppcLE72Jk1WZf9np6bMM\n/vG9r4Ocuy9eNlKpW3Zq94m9tjoUyOe/sYZwT9ok4+oFQ9buUMz/Olatd9a+HJpw\n3sqDBUqAxyjKS3kciBI8EcJWPhbn6c7S3AwteNLN+o1lL1+KZsEg/XhKHMBaKb9B\n9npeum/YGjkJSa0kp+mnyDs8sM33+WFMp79QOThXelq7mvJYlx0F0uyv+zMicvTf\nNUNmLINUbFJa1+691PqNT/C12Kj7c6J+SqwG+KNLwHtfjERd9yzmDT5QDyyIrtkd\ndQtOHK35ZdBXPeKozMc/ky1g1Hw7JLiFHeTv56uUY/l/6NyD8TDGrIuM0hterFsq\nNYMP4nMB8erG8Zi2udtfVVNKDbDgM7d8YxHhz/O1EnRNjTxLNcLuZONXaAg62Eix\n4UOxVTVd+o/Fjp6fJMdGE1HX1O06x+i1OcMYaVLatgHLYoY2wQKCAQEAxGM8Blf7\n2DZG3tQGv7+1UHJ8FGYhZG93nVusZa197K+XpIZAKE3ZrQhiMgLkUN1cPfO9+22w\nK6iMHapXBmMV4ZggRF/xNIOefa3X9hIbb5+eGjuiB1bcGXKhhawfOPJt0eJxUgZp\nlrhhjRvZzvKXTdlAlsS4gE+P6gxotyURRGVaes56E40lPk64B5FZmt/J+40Y1fXo\nBteXvl3GfO3bFFgoZx8XuSqnm+5qku+JVG55QTHTDmxIzXvXQ/FqTF/MBIPGbNH/\nHSqYYB52tX0AZLLiPeUjXUGx/Ow62r/L5+kLJqXlHNPgxK9cZkWCBVh75DzVbA5Q\nUa/FRxCxpHlIaQKCAQEA3J36XQeAIl9S1HtzZ/x6pP2FLmUEn/JxCoCwxs3ZpslS\n+ERddR1TeqKOkG0b3fumtgV6u0u4HOXRMY+7ZsbHUsI0DVrG789tH7c5S/piHzi1\nNKapmFOW4OdGD1VxwvJAALKGN/papBh/usW8UsXsz1cvZNB+KXe7OTBAoTIWFmCP\nCaeZ6PNVWQ6Mt6/Ov1x1V7z+9wcYrKtTjJVFidQvnH/dFH9fDDJcxVAEq0eH9Nvd\nOfGA81q1GG5M79DLHfGh+WXH0UTdrJuoBgqzII/dTMOYJ7gBalCTw7Ng373tzKdQ\n1Q4o0Z0X4ymksRkzRppK6ZzUoev+s34W4xC7HxmTxQKCAQEAmEZZxJF0NbHgQecl\nVIjRjg83JpoKSlYj6V+rzSs4+M0uR+PQ22+B2Skm+qBDaHA7lc3pAYuLjk6iVl4+\nHDW4QbQzUNETtiRYQBsL2UExBNw/OxgCCq7O+uxnUb6kdwODI7rxIyjVtohBG6j8\nufpgV3ydGEpwxQzsCg6VI20adm4gOhjfj0liF23yQ+vwDqZ3dxVwrHZ/8s44WuNb\nhILp3Fx+93akbm8kh0PWXxhc45rFake33vcXfD0KLSSDx7R//QAwWzB5H6RngiAc\n65yBMZOC2XtScH0ABZ0mBXeyI6APhWgcvr2LCvbuLl628m4pok+JLL/sh2pDDVdk\nZqOkAQKCAQEAojAxwvqkpKBXkIZBTY07zNfkdTsmrz/ZAtOhIkZrYEZZjNMVseeh\nW2LuVBciiYtcACz/EXqVHAmIRVtZdjFkj97dzYOTBPIFU2+r28NzJ2jVLqPnwmiR\nXz4nL1atj5fwnZKhQb33rPOl03VTAbcoZTW/TepJFctEBMMIgHkF6+WIwpxIdg2O\nDS65HMFOyTf7vEjhWFILPcWmYo/K04z+g5ssuMj640iTEyvEgvbPaJ/Kf7KgDkf9\nIrzUKungqV7eqS6+O4bZQPAeEnMDRUj+dFTHI0wPHk2mlBTnfxVuISpQLpF+SLuo\nuAQBY4EXRSxhLmVxnKiWUva7dKr0JeTz0QKCAQEAwHRkIq1Kpcw4nrrzd3fhVDrM\ntxCBZseEgsUrkZgx+X4690PS0SYWcxZsyzbfQylEqjV/6B+ktplmL2wcJW6qH9Vp\ndvrTuN02I9ElZJbavtTVITgAdJC1MaZ0kKJIAYNpqpDJVITyFoK+ixMMfbYGMGYB\nAF0meF7lnvie5VIhT/Idnk3VIkQmQ2AJqcUXTQBeL/RIw/bx/EZPk4iWvg2zupYP\nXwjh0Gvoz9pHZAD9Pts0ZjsVzIRvZkcDPJgWfPhZfU5OOkRO6KiQmfRWMsSCYY/a\n6Ijba8F1yzVpdpU9sI/irvnDo5TmzQw6q645yamfICtqfh6//x5NOl0hlkPZ4A==\n-----END RSA PRIVATE KEY-----\n",
            "content_base64": null,
            "content_base64sha256": "uPqxm7FWZdlnoVmqSvukcyxPUgZ9V4sszkQFunsYyd8=",
            "content_base64sha512": "hC6dSAlPD075GpWSC8BuZdn8WdmiWXOdp/BlfHOwP3t0DGNJuTG2Z6FWp9/tNScqhsJWsahQnAgV+NIO75En+A==",
            "content_md5": "46122306d7fbe76b18b6afdee0123b5d",
            "content_sha1": "6fa8195489c7d125ca4039e9186b4b3d1171d5d0",
            "content_sha256": "b8fab19bb15665d967a159aa4afba4732c4f52067d578b2cce4405ba7b18c9df",
            "content_sha512": "842e9d48094f0f4ef91a95920bc06e65d9fc59d9a259739da7f0657c73b03f7b740c6349b931b667a156a7dfed35272a86c256b1a8509c0815f8d20eef9127f8",
            "directory_permission": "0777",
            "file_permission": "0600",
            "filename": "C:/historykey/historykey.pem",
            "id": "6fa8195489c7d125ca4039e9186b4b3d1171d5d0",
            "sensitive_content": null,
            "source": null
          },
          "sensitive_attributes": [
            [
              {
                "type": "get_attr",
                "value": "content"
              }
            ],
            [
              {
                "type": "get_attr",
                "value": "sensitive_content"
              }
            ]
          ],
          "identity_schema_version": 0,
          "dependencies": [
            "null_resource.create_historykey_dir",
            "tls_private_key.ssh_key"
          ]
        }
      ]
    },
    {
      "mode": "managed",
      "type": "null_resource",
      "name": "create_historykey_dir",
      "provider": "provider[\"registry.terraform.io/hashicorp/null\"]",
      "instances": [
        {
          "schema_version": 0,
          "attributes": {
            "id": "6502103038563372055",
            "triggers": null
          },
          "sensitive_attributes": [],
          "identity_schema_version": 0
        }
      ]
    },
    {
      "mode": "managed",
      "type": "tls_private_key",
      "name": "ssh_key",
      "provider": "provider[\"registry.terraform.io/hashicorp/tls\"]",
      "instances": [
        {
          "schema_version": 1,
          "attributes": {
            "algorithm": "RSA",
            "ecdsa_curve": "P224",
            "id": "cd074484d72ae2e7fbf9c59418c835b5d6cce438",
            "private_key_openssh": "-----BEGIN OPENSSH PRIVATE KEY-----\nb3BlbnNzaC1rZXktdjEAAAAABG5vbmUAAAAEbm9uZQAAAAAAAAABAAACFwAAAAdz\nc2gtcnNhAAAAAwEAAQAAAgEAqT54gYnsZhyjvkrG0s4Wt8Le46z+77NXWiOEsxiE\nYonRfVPSBo/ap+yJnqdDf8LmJmHerpawJ3Aykf1/ewu8W1Cfm89EkeRuTBcfUXCy\nKBpHw+ha12mcsizxT3eewhvaVTfdwZTL81dHC1bevDtoVpIH2lE8dUsO9OqJ206Y\nMZ9xR813P2Rjs1nksnBKfBrlN7vQKc+cXMrQsB7M7Qwf7P2NcsVmXl1RBvw97Iyu\nV7PNBu1verBPPVe0hY2KwYt0abjsaBQJIUnb346y91VvM1JhTcL3XOtMAFhUfHpz\nOQb3NaRt3iCJ/pz+XW80zhktLPtM83WGreWjppbUC6T7ADt3mlr5RU82gioeY0xh\nZYWusd7cKSFr7yIUa8eISApUopDLy/1P3s3a7Qjv59grRTQAUtpDRvFQFpYe2pwu\n5MRRRYVbSOyX1Y6OLXqGzbUJFMPmUWpx0hv85payIcoZ/UNkeZs+5EZ9O1BQdW8V\n71GCnACIECzmi1rTfPyAX5KF79VjyxDl0dWm+uQvW2AKH7420brwJEfymvKRwDLg\nJl90AM+W+iDviLVdcjnC5jM3stDOT4oD8FRhmo/WmKonGaiQTY4ecnMz+1tjok4W\nAgvoexUVb8opi85hovRcSrDyJDu9EPDaXVnEtszZbGqHn39Zio7/4Uf9tsMOdP8q\nA80AAAc4ViRG61YkRusAAAAHc3NoLXJzYQAAAgEAqT54gYnsZhyjvkrG0s4Wt8Le\n46z+77NXWiOEsxiEYonRfVPSBo/ap+yJnqdDf8LmJmHerpawJ3Aykf1/ewu8W1Cf\nm89EkeRuTBcfUXCyKBpHw+ha12mcsizxT3eewhvaVTfdwZTL81dHC1bevDtoVpIH\n2lE8dUsO9OqJ206YMZ9xR813P2Rjs1nksnBKfBrlN7vQKc+cXMrQsB7M7Qwf7P2N\ncsVmXl1RBvw97IyuV7PNBu1verBPPVe0hY2KwYt0abjsaBQJIUnb346y91VvM1Jh\nTcL3XOtMAFhUfHpzOQb3NaRt3iCJ/pz+XW80zhktLPtM83WGreWjppbUC6T7ADt3\nmlr5RU82gioeY0xhZYWusd7cKSFr7yIUa8eISApUopDLy/1P3s3a7Qjv59grRTQA\nUtpDRvFQFpYe2pwu5MRRRYVbSOyX1Y6OLXqGzbUJFMPmUWpx0hv85payIcoZ/UNk\neZs+5EZ9O1BQdW8V71GCnACIECzmi1rTfPyAX5KF79VjyxDl0dWm+uQvW2AKH742\n0brwJEfymvKRwDLgJl90AM+W+iDviLVdcjnC5jM3stDOT4oD8FRhmo/WmKonGaiQ\nTY4ecnMz+1tjok4WAgvoexUVb8opi85hovRcSrDyJDu9EPDaXVnEtszZbGqHn39Z\nio7/4Uf9tsMOdP8qA80AAAADAQABAAACACpDjXhb5wsA7+sfZVNTX9z37w1QMEHP\nuWqrIAJRhw3MeOIhQnudBO+WZC+YeYS4OR0wp5lVzButKxPGCEXEAn+TPKh+NBNy\nxhB+XbXKvNLC7VUA+15740OjcYd0ydKTfgx17QzgiaX1D6rHQMwk0cN8qDVewAhS\nfCOxRkfb8qnBtVpG9xZ/jV5GfpQI8rDXTpKCdlNaoyORClhQ+L/hnT9jeiVFInFC\nQG/MIfKmlwsTvYmTVZl/2enpswz+8b2vg5y7L142Uqlbdmr3ib22OhTI57+xhnBP\n2iTj6gVD1u5QzP86Vq131r4cmnDeyoMFSoDHKMpLeRyIEjwRwlY+FufpztLcDC14\n0s36jWUvX4pmwSD9eEocwFopv0H2el66b9gaOQlJrSSn6afIOzywzff5YUynv1A5\nOFd6Wrua8liXHQXS7K/7MyJy9N81Q2Ysg1RsUlrX7r3U+o1P8LXYqPtzon5KrAb4\no0vAe1+MRF33LOYNPlAPLIiu2R11C04crfll0Fc94qjMxz+TLWDUfDskuIUd5O/n\nq5Rj+X/o3IPxMMasi4zSG16sWyo1gw/icwHx6sbxmLa5219VU0oNsOAzt3xjEeHP\n87USdE2NPEs1wu5k41doCDrYSLHhQ7FVNV36j8WOnp8kx0YTUdfU7TrH6LU5wxhp\nUtq2ActihjbBAAABAQDAdGQirUqlzDieuvN3d+FUOsy3EIFmx4SCxSuRmDH5fjr3\nQ9LRJhZzFmzLNt9DKUSqNX/oH6S2mWYvbBwlbqof1Wl2+tO43TYj0SVkltq+1NUh\nOAB0kLUxpnSQokgBg2mqkMlUhPIWgr6LEwx9tgYwZgEAXSZ4XuWe+J7lUiFP8h2e\nTdUiRCZDYAmpxRdNAF4v9EjD9vH8Rk+TiJa+DbO6lg9fCOHQa+jP2kdkAP0+2zRm\nOxXMhG9mRwM8mBZ8+Fl9Tk46RE7oqJCZ9FYyxIJhj9roiNtrwXXLNWl2lT2wj+Ku\n+cOjlObNDDqrrjnJqZ8gK2p+Hr//Hk06XSGWQ9ngAAABAQDEYzwGV/vYNkbe1Aa/\nv7VQcnwUZiFkb3edW6xlrX3sr5ekhkAoTdmtCGIyAuRQ3Vw98737bbArqIwdqlcG\nYxXhmCBEX/E0g559rdf2Ehtvn54aO6IHVtwZcqGFrB848m3R4nFSBmmWuGGNG9nO\n8pdN2UCWxLiAT4/qDGi3JRFEZVp6znoTjSU+TrgHkVma38n7jRjV9egG15e+XcZ8\n7dsUWChnHxe5Kqeb7mqS74lUbnlBMdMObEjNe9dD8WpMX8wEg8Zs0f8dKphgHna1\nfQBksuI95SNdQbH87Drav8vn6QsmpeUc0+DEr1xmRYIFWHvkPNVsDlBRr8VHELGk\neUhpAAABAQDcnfpdB4AiX1LUe3Nn/Hqk/YUuZQSf8nEKgLDGzdmmyVL4RF11HVN6\noo6QbRvd+6a2BXq7S7gc5dExj7tmxsdSwjQNWsbvz20ftzlL+mIfOLU0pqmYU5bg\n50YPVXHC8kAAsoY3+lqkGH+6xbxSxezPVy9k0H4pd7s5MEChMhYWYI8Jp5no81VZ\nDoy3r86/XHVXvP73Bxisq1OMlUWJ1C+cf90Uf18MMlzFUASrR4f029058YDzWrUY\nbkzv0Msd8aH5ZcfRRN2sm6gGCrMgj91Mw5gnuAFqUJPDs2Dfve3Mp1DVDijRnRfj\nKaSxGTNGmkrpnNSh6/6zfhbjELsfGZPFAAAAAAEC\n-----END OPENSSH PRIVATE KEY-----\n",
            "private_key_pem": "-----BEGIN RSA PRIVATE KEY-----\nMIIJKgIBAAKCAgEAqT54gYnsZhyjvkrG0s4Wt8Le46z+77NXWiOEsxiEYonRfVPS\nBo/ap+yJnqdDf8LmJmHerpawJ3Aykf1/ewu8W1Cfm89EkeRuTBcfUXCyKBpHw+ha\n12mcsizxT3eewhvaVTfdwZTL81dHC1bevDtoVpIH2lE8dUsO9OqJ206YMZ9xR813\nP2Rjs1nksnBKfBrlN7vQKc+cXMrQsB7M7Qwf7P2NcsVmXl1RBvw97IyuV7PNBu1v\nerBPPVe0hY2KwYt0abjsaBQJIUnb346y91VvM1JhTcL3XOtMAFhUfHpzOQb3NaRt\n3iCJ/pz+XW80zhktLPtM83WGreWjppbUC6T7ADt3mlr5RU82gioeY0xhZYWusd7c\nKSFr7yIUa8eISApUopDLy/1P3s3a7Qjv59grRTQAUtpDRvFQFpYe2pwu5MRRRYVb\nSOyX1Y6OLXqGzbUJFMPmUWpx0hv85payIcoZ/UNkeZs+5EZ9O1BQdW8V71GCnACI\nECzmi1rTfPyAX5KF79VjyxDl0dWm+uQvW2AKH7420brwJEfymvKRwDLgJl90AM+W\n+iDviLVdcjnC5jM3stDOT4oD8FRhmo/WmKonGaiQTY4ecnMz+1tjok4WAgvoexUV\nb8opi85hovRcSrDyJDu9EPDaXVnEtszZbGqHn39Zio7/4Uf9tsMOdP8qA80CAwEA\nAQKCAgAqQ414W+cLAO/rH2VTU1/c9+8NUDBBz7lqqyACUYcNzHjiIUJ7nQTvlmQv\nmHmEuDkdMKeZVcwbrSsTxghFxAJ/kzyofjQTcsYQfl21yrzSwu1VAPtee+NDo3GH\ndMnSk34Mde0M4Iml9Q+qx0DMJNHDfKg1XsAIUnwjsUZH2/KpwbVaRvcWf41eRn6U\nCPKw106SgnZTWqMjkQpYUPi/4Z0/Y3olRSJxQkBvzCHyppcLE72Jk1WZf9np6bMM\n/vG9r4Ocuy9eNlKpW3Zq94m9tjoUyOe/sYZwT9ok4+oFQ9buUMz/Olatd9a+HJpw\n3sqDBUqAxyjKS3kciBI8EcJWPhbn6c7S3AwteNLN+o1lL1+KZsEg/XhKHMBaKb9B\n9npeum/YGjkJSa0kp+mnyDs8sM33+WFMp79QOThXelq7mvJYlx0F0uyv+zMicvTf\nNUNmLINUbFJa1+691PqNT/C12Kj7c6J+SqwG+KNLwHtfjERd9yzmDT5QDyyIrtkd\ndQtOHK35ZdBXPeKozMc/ky1g1Hw7JLiFHeTv56uUY/l/6NyD8TDGrIuM0hterFsq\nNYMP4nMB8erG8Zi2udtfVVNKDbDgM7d8YxHhz/O1EnRNjTxLNcLuZONXaAg62Eix\n4UOxVTVd+o/Fjp6fJMdGE1HX1O06x+i1OcMYaVLatgHLYoY2wQKCAQEAxGM8Blf7\n2DZG3tQGv7+1UHJ8FGYhZG93nVusZa197K+XpIZAKE3ZrQhiMgLkUN1cPfO9+22w\nK6iMHapXBmMV4ZggRF/xNIOefa3X9hIbb5+eGjuiB1bcGXKhhawfOPJt0eJxUgZp\nlrhhjRvZzvKXTdlAlsS4gE+P6gxotyURRGVaes56E40lPk64B5FZmt/J+40Y1fXo\nBteXvl3GfO3bFFgoZx8XuSqnm+5qku+JVG55QTHTDmxIzXvXQ/FqTF/MBIPGbNH/\nHSqYYB52tX0AZLLiPeUjXUGx/Ow62r/L5+kLJqXlHNPgxK9cZkWCBVh75DzVbA5Q\nUa/FRxCxpHlIaQKCAQEA3J36XQeAIl9S1HtzZ/x6pP2FLmUEn/JxCoCwxs3ZpslS\n+ERddR1TeqKOkG0b3fumtgV6u0u4HOXRMY+7ZsbHUsI0DVrG789tH7c5S/piHzi1\nNKapmFOW4OdGD1VxwvJAALKGN/papBh/usW8UsXsz1cvZNB+KXe7OTBAoTIWFmCP\nCaeZ6PNVWQ6Mt6/Ov1x1V7z+9wcYrKtTjJVFidQvnH/dFH9fDDJcxVAEq0eH9Nvd\nOfGA81q1GG5M79DLHfGh+WXH0UTdrJuoBgqzII/dTMOYJ7gBalCTw7Ng373tzKdQ\n1Q4o0Z0X4ymksRkzRppK6ZzUoev+s34W4xC7HxmTxQKCAQEAmEZZxJF0NbHgQecl\nVIjRjg83JpoKSlYj6V+rzSs4+M0uR+PQ22+B2Skm+qBDaHA7lc3pAYuLjk6iVl4+\nHDW4QbQzUNETtiRYQBsL2UExBNw/OxgCCq7O+uxnUb6kdwODI7rxIyjVtohBG6j8\nufpgV3ydGEpwxQzsCg6VI20adm4gOhjfj0liF23yQ+vwDqZ3dxVwrHZ/8s44WuNb\nhILp3Fx+93akbm8kh0PWXxhc45rFake33vcXfD0KLSSDx7R//QAwWzB5H6RngiAc\n65yBMZOC2XtScH0ABZ0mBXeyI6APhWgcvr2LCvbuLl628m4pok+JLL/sh2pDDVdk\nZqOkAQKCAQEAojAxwvqkpKBXkIZBTY07zNfkdTsmrz/ZAtOhIkZrYEZZjNMVseeh\nW2LuVBciiYtcACz/EXqVHAmIRVtZdjFkj97dzYOTBPIFU2+r28NzJ2jVLqPnwmiR\nXz4nL1atj5fwnZKhQb33rPOl03VTAbcoZTW/TepJFctEBMMIgHkF6+WIwpxIdg2O\nDS65HMFOyTf7vEjhWFILPcWmYo/K04z+g5ssuMj640iTEyvEgvbPaJ/Kf7KgDkf9\nIrzUKungqV7eqS6+O4bZQPAeEnMDRUj+dFTHI0wPHk2mlBTnfxVuISpQLpF+SLuo\nuAQBY4EXRSxhLmVxnKiWUva7dKr0JeTz0QKCAQEAwHRkIq1Kpcw4nrrzd3fhVDrM\ntxCBZseEgsUrkZgx+X4690PS0SYWcxZsyzbfQylEqjV/6B+ktplmL2wcJW6qH9Vp\ndvrTuN02I9ElZJbavtTVITgAdJC1MaZ0kKJIAYNpqpDJVITyFoK+ixMMfbYGMGYB\nAF0meF7lnvie5VIhT/Idnk3VIkQmQ2AJqcUXTQBeL/RIw/bx/EZPk4iWvg2zupYP\nXwjh0Gvoz9pHZAD9Pts0ZjsVzIRvZkcDPJgWfPhZfU5OOkRO6KiQmfRWMsSCYY/a\n6Ijba8F1yzVpdpU9sI/irvnDo5TmzQw6q645yamfICtqfh6//x5NOl0hlkPZ4A==\n-----END RSA PRIVATE KEY-----\n",
            "private_key_pem_pkcs8": "-----BEGIN PRIVATE KEY-----\nMIIJRAIBADANBgkqhkiG9w0BAQEFAASCCS4wggkqAgEAAoICAQCpPniBiexmHKO+\nSsbSzha3wt7jrP7vs1daI4SzGIRiidF9U9IGj9qn7Imep0N/wuYmYd6ulrAncDKR\n/X97C7xbUJ+bz0SR5G5MFx9RcLIoGkfD6FrXaZyyLPFPd57CG9pVN93BlMvzV0cL\nVt68O2hWkgfaUTx1Sw706onbTpgxn3FHzXc/ZGOzWeSycEp8GuU3u9Apz5xcytCw\nHsztDB/s/Y1yxWZeXVEG/D3sjK5Xs80G7W96sE89V7SFjYrBi3RpuOxoFAkhSdvf\njrL3VW8zUmFNwvdc60wAWFR8enM5Bvc1pG3eIIn+nP5dbzTOGS0s+0zzdYat5aOm\nltQLpPsAO3eaWvlFTzaCKh5jTGFlha6x3twpIWvvIhRrx4hIClSikMvL/U/ezdrt\nCO/n2CtFNABS2kNG8VAWlh7anC7kxFFFhVtI7JfVjo4teobNtQkUw+ZRanHSG/zm\nlrIhyhn9Q2R5mz7kRn07UFB1bxXvUYKcAIgQLOaLWtN8/IBfkoXv1WPLEOXR1ab6\n5C9bYAofvjbRuvAkR/Ka8pHAMuAmX3QAz5b6IO+ItV1yOcLmMzey0M5PigPwVGGa\nj9aYqicZqJBNjh5yczP7W2OiThYCC+h7FRVvyimLzmGi9FxKsPIkO70Q8NpdWcS2\nzNlsaoeff1mKjv/hR/22ww50/yoDzQIDAQABAoICACpDjXhb5wsA7+sfZVNTX9z3\n7w1QMEHPuWqrIAJRhw3MeOIhQnudBO+WZC+YeYS4OR0wp5lVzButKxPGCEXEAn+T\nPKh+NBNyxhB+XbXKvNLC7VUA+15740OjcYd0ydKTfgx17QzgiaX1D6rHQMwk0cN8\nqDVewAhSfCOxRkfb8qnBtVpG9xZ/jV5GfpQI8rDXTpKCdlNaoyORClhQ+L/hnT9j\neiVFInFCQG/MIfKmlwsTvYmTVZl/2enpswz+8b2vg5y7L142Uqlbdmr3ib22OhTI\n57+xhnBP2iTj6gVD1u5QzP86Vq131r4cmnDeyoMFSoDHKMpLeRyIEjwRwlY+Fufp\nztLcDC140s36jWUvX4pmwSD9eEocwFopv0H2el66b9gaOQlJrSSn6afIOzywzff5\nYUynv1A5OFd6Wrua8liXHQXS7K/7MyJy9N81Q2Ysg1RsUlrX7r3U+o1P8LXYqPtz\non5KrAb4o0vAe1+MRF33LOYNPlAPLIiu2R11C04crfll0Fc94qjMxz+TLWDUfDsk\nuIUd5O/nq5Rj+X/o3IPxMMasi4zSG16sWyo1gw/icwHx6sbxmLa5219VU0oNsOAz\nt3xjEeHP87USdE2NPEs1wu5k41doCDrYSLHhQ7FVNV36j8WOnp8kx0YTUdfU7TrH\n6LU5wxhpUtq2ActihjbBAoIBAQDEYzwGV/vYNkbe1Aa/v7VQcnwUZiFkb3edW6xl\nrX3sr5ekhkAoTdmtCGIyAuRQ3Vw98737bbArqIwdqlcGYxXhmCBEX/E0g559rdf2\nEhtvn54aO6IHVtwZcqGFrB848m3R4nFSBmmWuGGNG9nO8pdN2UCWxLiAT4/qDGi3\nJRFEZVp6znoTjSU+TrgHkVma38n7jRjV9egG15e+XcZ87dsUWChnHxe5Kqeb7mqS\n74lUbnlBMdMObEjNe9dD8WpMX8wEg8Zs0f8dKphgHna1fQBksuI95SNdQbH87Dra\nv8vn6QsmpeUc0+DEr1xmRYIFWHvkPNVsDlBRr8VHELGkeUhpAoIBAQDcnfpdB4Ai\nX1LUe3Nn/Hqk/YUuZQSf8nEKgLDGzdmmyVL4RF11HVN6oo6QbRvd+6a2BXq7S7gc\n5dExj7tmxsdSwjQNWsbvz20ftzlL+mIfOLU0pqmYU5bg50YPVXHC8kAAsoY3+lqk\nGH+6xbxSxezPVy9k0H4pd7s5MEChMhYWYI8Jp5no81VZDoy3r86/XHVXvP73Bxis\nq1OMlUWJ1C+cf90Uf18MMlzFUASrR4f029058YDzWrUYbkzv0Msd8aH5ZcfRRN2s\nm6gGCrMgj91Mw5gnuAFqUJPDs2Dfve3Mp1DVDijRnRfjKaSxGTNGmkrpnNSh6/6z\nfhbjELsfGZPFAoIBAQCYRlnEkXQ1seBB5yVUiNGODzcmmgpKViPpX6vNKzj4zS5H\n49Dbb4HZKSb6oENocDuVzekBi4uOTqJWXj4cNbhBtDNQ0RO2JFhAGwvZQTEE3D87\nGAIKrs767GdRvqR3A4MjuvEjKNW2iEEbqPy5+mBXfJ0YSnDFDOwKDpUjbRp2biA6\nGN+PSWIXbfJD6/AOpnd3FXCsdn/yzjha41uEguncXH73dqRubySHQ9ZfGFzjmsVq\nR7fe9xd8PQotJIPHtH/9ADBbMHkfpGeCIBzrnIExk4LZe1JwfQAFnSYFd7IjoA+F\naBy+vYsK9u4uXrbybimiT4ksv+yHakMNV2Rmo6QBAoIBAQCiMDHC+qSkoFeQhkFN\njTvM1+R1OyavP9kC06EiRmtgRlmM0xWx56FbYu5UFyKJi1wALP8RepUcCYhFW1l2\nMWSP3t3Ng5ME8gVTb6vbw3MnaNUuo+fCaJFfPicvVq2Pl/CdkqFBvfes86XTdVMB\ntyhlNb9N6kkVy0QEwwiAeQXr5YjCnEh2DY4NLrkcwU7JN/u8SOFYUgs9xaZij8rT\njP6Dmyy4yPrjSJMTK8SC9s9on8p/sqAOR/0ivNQq6eCpXt6pLr47htlA8B4ScwNF\nSP50VMcjTA8eTaaUFOd/FW4hKlAukX5Iu6i4BAFjgRdFLGEuZXGcqJZS9rt0qvQl\n5PPRAoIBAQDAdGQirUqlzDieuvN3d+FUOsy3EIFmx4SCxSuRmDH5fjr3Q9LRJhZz\nFmzLNt9DKUSqNX/oH6S2mWYvbBwlbqof1Wl2+tO43TYj0SVkltq+1NUhOAB0kLUx\npnSQokgBg2mqkMlUhPIWgr6LEwx9tgYwZgEAXSZ4XuWe+J7lUiFP8h2eTdUiRCZD\nYAmpxRdNAF4v9EjD9vH8Rk+TiJa+DbO6lg9fCOHQa+jP2kdkAP0+2zRmOxXMhG9m\nRwM8mBZ8+Fl9Tk46RE7oqJCZ9FYyxIJhj9roiNtrwXXLNWl2lT2wj+Ku+cOjlObN\nDDqrrjnJqZ8gK2p+Hr//Hk06XSGWQ9ng\n-----END PRIVATE KEY-----\n",
            "public_key_fingerprint_md5": "dd:ba:d9:0e:c9:9b:ba:fb:e0:19:12:9b:ce:01:90:d2",
            "public_key_fingerprint_sha256": "SHA256:XeEKlSR6sZcI9cJbvNLanPPSUhS+K7WPsJR5hVlcgxE",
            "public_key_openssh": "ssh-rsa AAAAB3NzaC1yc2EAAAADAQABAAACAQCpPniBiexmHKO+SsbSzha3wt7jrP7vs1daI4SzGIRiidF9U9IGj9qn7Imep0N/wuYmYd6ulrAncDKR/X97C7xbUJ+bz0SR5G5MFx9RcLIoGkfD6FrXaZyyLPFPd57CG9pVN93BlMvzV0cLVt68O2hWkgfaUTx1Sw706onbTpgxn3FHzXc/ZGOzWeSycEp8GuU3u9Apz5xcytCwHsztDB/s/Y1yxWZeXVEG/D3sjK5Xs80G7W96sE89V7SFjYrBi3RpuOxoFAkhSdvfjrL3VW8zUmFNwvdc60wAWFR8enM5Bvc1pG3eIIn+nP5dbzTOGS0s+0zzdYat5aOmltQLpPsAO3eaWvlFTzaCKh5jTGFlha6x3twpIWvvIhRrx4hIClSikMvL/U/ezdrtCO/n2CtFNABS2kNG8VAWlh7anC7kxFFFhVtI7JfVjo4teobNtQkUw+ZRanHSG/zmlrIhyhn9Q2R5mz7kRn07UFB1bxXvUYKcAIgQLOaLWtN8/IBfkoXv1WPLEOXR1ab65C9bYAofvjbRuvAkR/Ka8pHAMuAmX3QAz5b6IO+ItV1yOcLmMzey0M5PigPwVGGaj9aYqicZqJBNjh5yczP7W2OiThYCC+h7FRVvyimLzmGi9FxKsPIkO70Q8NpdWcS2zNlsaoeff1mKjv/hR/22ww50/yoDzQ==\n",
            "public_key_pem": "-----BEGIN PUBLIC KEY-----\nMIICIjANBgkqhkiG9w0BAQEFAAOCAg8AMIICCgKCAgEAqT54gYnsZhyjvkrG0s4W\nt8Le46z+77NXWiOEsxiEYonRfVPSBo/ap+yJnqdDf8LmJmHerpawJ3Aykf1/ewu8\nW1Cfm89EkeRuTBcfUXCyKBpHw+ha12mcsizxT3eewhvaVTfdwZTL81dHC1bevDto\nVpIH2lE8dUsO9OqJ206YMZ9xR813P2Rjs1nksnBKfBrlN7vQKc+cXMrQsB7M7Qwf\n7P2NcsVmXl1RBvw97IyuV7PNBu1verBPPVe0hY2KwYt0abjsaBQJIUnb346y91Vv\nM1JhTcL3XOtMAFhUfHpzOQb3NaRt3iCJ/pz+XW80zhktLPtM83WGreWjppbUC6T7\nADt3mlr5RU82gioeY0xhZYWusd7cKSFr7yIUa8eISApUopDLy/1P3s3a7Qjv59gr\nRTQAUtpDRvFQFpYe2pwu5MRRRYVbSOyX1Y6OLXqGzbUJFMPmUWpx0hv85payIcoZ\n/UNkeZs+5EZ9O1BQdW8V71GCnACIECzmi1rTfPyAX5KF79VjyxDl0dWm+uQvW2AK\nH7420brwJEfymvKRwDLgJl90AM+W+iDviLVdcjnC5jM3stDOT4oD8FRhmo/WmKon\nGaiQTY4ecnMz+1tjok4WAgvoexUVb8opi85hovRcSrDyJDu9EPDaXVnEtszZbGqH\nn39Zio7/4Uf9tsMOdP8qA80CAwEAAQ==\n-----END PUBLIC KEY-----\n",
            "rsa_bits": 4096
          },
          "sensitive_attributes": [
            [
              {
                "type": "get_attr",
                "value": "private_key_openssh"
              }
            ],
            [
              {
                "type": "get_attr",
                "value": "private_key_pem"
              }
            ],
            [
              {
                "type": "get_attr",
                "value": "private_key_pem_pkcs8"
              }
            ]
          ],
          "identity_schema_version": 0
        }
      ]
    }
  ],
  "check_results": null
}
